// !$*UTF8*$!
{
	archiveVersion = 1;
	classes = {
	};
	objectVersion = 51;
	objects = {

/* Begin PBXBuildFile section */
		0719634929475DE200A9E439 /* EducatorBaseModel.swift in Sources */ = {isa = PBXBuildFile; fileRef = 0719634829475DE200A9E439 /* EducatorBaseModel.swift */; };
		0719634E29475F0B00A9E439 /* EducatorModel.swift in Sources */ = {isa = PBXBuildFile; fileRef = 0719634D29475F0B00A9E439 /* EducatorModel.swift */; };
		0719635429476C3C00A9E439 /* ProfileTVC.swift in Sources */ = {isa = PBXBuildFile; fileRef = 0719635229476C3C00A9E439 /* ProfileTVC.swift */; };
		0719635529476C3C00A9E439 /* ProfileTVC.xib in Resources */ = {isa = PBXBuildFile; fileRef = 0719635329476C3C00A9E439 /* ProfileTVC.xib */; };
		075845CF293B08F6005565F7 /* TestSeriesVC.swift in Sources */ = {isa = PBXBuildFile; fileRef = 075845CE293B08F6005565F7 /* TestSeriesVC.swift */; };
		075845D5293B093C005565F7 /* TestSeriesCell.swift in Sources */ = {isa = PBXBuildFile; fileRef = 075845D3293B093C005565F7 /* TestSeriesCell.swift */; };
		075845D6293B093C005565F7 /* TestSeriesCell.xib in Resources */ = {isa = PBXBuildFile; fileRef = 075845D4293B093C005565F7 /* TestSeriesCell.xib */; };
		075845DB293B166F005565F7 /* AllTestSeriesModel.swift in Sources */ = {isa = PBXBuildFile; fileRef = 075845DA293B166F005565F7 /* AllTestSeriesModel.swift */; };
		0759A3F72944E2C0002A9986 /* CommentsModel.swift in Sources */ = {isa = PBXBuildFile; fileRef = 0759A3F62944E2C0002A9986 /* CommentsModel.swift */; };
		0759A40A2944E596002A9986 /* ShowVideoTVC.swift in Sources */ = {isa = PBXBuildFile; fileRef = 0759A4082944E596002A9986 /* ShowVideoTVC.swift */; };
		0759A40B2944E596002A9986 /* ShowVideoTVC.xib in Resources */ = {isa = PBXBuildFile; fileRef = 0759A4092944E596002A9986 /* ShowVideoTVC.xib */; };
		075A23542940E1DF00721723 /* TopicListVC.swift in Sources */ = {isa = PBXBuildFile; fileRef = 075A23532940E1DF00721723 /* TopicListVC.swift */; };
		075A235A2940E6A400721723 /* TopicTVC.swift in Sources */ = {isa = PBXBuildFile; fileRef = 075A23582940E6A400721723 /* TopicTVC.swift */; };
		075A235B2940E6A400721723 /* TopicTVC.xib in Resources */ = {isa = PBXBuildFile; fileRef = 075A23592940E6A400721723 /* TopicTVC.xib */; };
		075A23612940F6D200721723 /* TopicCourseModel.swift in Sources */ = {isa = PBXBuildFile; fileRef = 075A23602940F6D200721723 /* TopicCourseModel.swift */; };
		075A23692940FB7800721723 /* CourseModel.swift in Sources */ = {isa = PBXBuildFile; fileRef = 075A23682940FB7800721723 /* CourseModel.swift */; };
		075A23ED294142BA00721723 /* Topic.swift in Sources */ = {isa = PBXBuildFile; fileRef = 075A23EC294142BA00721723 /* Topic.swift */; };
		075A23F5294146B600721723 /* TopicModel.swift in Sources */ = {isa = PBXBuildFile; fileRef = 075A23F4294146B600721723 /* TopicModel.swift */; };
		075ADE1E2944C1C8009C5C5B /* ShowVideoVC.swift in Sources */ = {isa = PBXBuildFile; fileRef = 075ADE1D2944C1C8009C5C5B /* ShowVideoVC.swift */; };
		075B7871293B8DC100A94C82 /* Dashboard.storyboard in Resources */ = {isa = PBXBuildFile; fileRef = 075B7870293B8DC100A94C82 /* Dashboard.storyboard */; };
		075B787C293B924B00A94C82 /* DeshboardVC.swift in Sources */ = {isa = PBXBuildFile; fileRef = 075B787B293B924B00A94C82 /* DeshboardVC.swift */; };
		075B7884293BAEE600A94C82 /* RegisterModer.swift in Sources */ = {isa = PBXBuildFile; fileRef = 075B7883293BAEE600A94C82 /* RegisterModer.swift */; };
		075BAADC2939AFF000E698AB /* SignUpVC.swift in Sources */ = {isa = PBXBuildFile; fileRef = 075BAADB2939AFF000E698AB /* SignUpVC.swift */; };
		075BAAED2939B8FF00E698AB /* Roboto-Bold.ttf in Resources */ = {isa = PBXBuildFile; fileRef = 075BAAE12939B8FF00E698AB /* Roboto-Bold.ttf */; };
		075BAAEE2939B8FF00E698AB /* Roboto-BlackItalic.ttf in Resources */ = {isa = PBXBuildFile; fileRef = 075BAAE22939B8FF00E698AB /* Roboto-BlackItalic.ttf */; };
		075BAAEF2939B8FF00E698AB /* Roboto-Black.ttf in Resources */ = {isa = PBXBuildFile; fileRef = 075BAAE32939B8FF00E698AB /* Roboto-Black.ttf */; };
		075BAAF02939B8FF00E698AB /* Roboto-MediumItalic.ttf in Resources */ = {isa = PBXBuildFile; fileRef = 075BAAE42939B8FF00E698AB /* Roboto-MediumItalic.ttf */; };
		075BAAF12939B8FF00E698AB /* Roboto-Thin.ttf in Resources */ = {isa = PBXBuildFile; fileRef = 075BAAE52939B8FF00E698AB /* Roboto-Thin.ttf */; };
		075BAAF22939B8FF00E698AB /* Roboto-ThinItalic.ttf in Resources */ = {isa = PBXBuildFile; fileRef = 075BAAE62939B8FF00E698AB /* Roboto-ThinItalic.ttf */; };
		075BAAF32939B8FF00E698AB /* Roboto-LightItalic.ttf in Resources */ = {isa = PBXBuildFile; fileRef = 075BAAE72939B8FF00E698AB /* Roboto-LightItalic.ttf */; };
		075BAAF42939B8FF00E698AB /* Roboto-Medium.ttf in Resources */ = {isa = PBXBuildFile; fileRef = 075BAAE82939B8FF00E698AB /* Roboto-Medium.ttf */; };
		075BAAF52939B8FF00E698AB /* Roboto-Light.ttf in Resources */ = {isa = PBXBuildFile; fileRef = 075BAAE92939B8FF00E698AB /* Roboto-Light.ttf */; };
		075BAAF62939B8FF00E698AB /* Roboto-BoldItalic.ttf in Resources */ = {isa = PBXBuildFile; fileRef = 075BAAEA2939B8FF00E698AB /* Roboto-BoldItalic.ttf */; };
		075BAAF72939B8FF00E698AB /* Roboto-Regular.ttf in Resources */ = {isa = PBXBuildFile; fileRef = 075BAAEB2939B8FF00E698AB /* Roboto-Regular.ttf */; };
		075BAAF82939B8FF00E698AB /* Roboto-Italic.ttf in Resources */ = {isa = PBXBuildFile; fileRef = 075BAAEC2939B8FF00E698AB /* Roboto-Italic.ttf */; };
		075BAAFD2939D71700E698AB /* ForgotPasswordVC.swift in Sources */ = {isa = PBXBuildFile; fileRef = 075BAAFC2939D71700E698AB /* ForgotPasswordVC.swift */; };
		075BAB032939DCA900E698AB /* Extension.swift in Sources */ = {isa = PBXBuildFile; fileRef = 075BAB022939DCA900E698AB /* Extension.swift */; };
		075C83D1293EECED008EE45D /* SubjectsModel.swift in Sources */ = {isa = PBXBuildFile; fileRef = 075C83D0293EECED008EE45D /* SubjectsModel.swift */; };
		075C83E7293EFCE3008EE45D /* UpdateExamModel.swift in Sources */ = {isa = PBXBuildFile; fileRef = 075C83E6293EFCE3008EE45D /* UpdateExamModel.swift */; };
		075D001F29484905002971FE /* ApiManager.swift in Sources */ = {isa = PBXBuildFile; fileRef = 075D001E29484905002971FE /* ApiManager.swift */; };
		075D2837293DBF99007D4A46 /* SliderImagesCell.swift in Sources */ = {isa = PBXBuildFile; fileRef = 075D2835293DBF99007D4A46 /* SliderImagesCell.swift */; };
		075D2838293DBF99007D4A46 /* SliderImagesCell.xib in Resources */ = {isa = PBXBuildFile; fileRef = 075D2836293DBF99007D4A46 /* SliderImagesCell.xib */; };
		075D2845293DED65007D4A46 /* LeftMenu.swift in Sources */ = {isa = PBXBuildFile; fileRef = 075D2844293DED65007D4A46 /* LeftMenu.swift */; };
		075D9664293CB242007DAC82 /* Constant.swift in Sources */ = {isa = PBXBuildFile; fileRef = 075D9663293CB242007DAC82 /* Constant.swift */; };
		075D96A0293CCE5A007DAC82 /* ForgotPasswordModel.swift in Sources */ = {isa = PBXBuildFile; fileRef = 075D969F293CCE5A007DAC82 /* ForgotPasswordModel.swift */; };
		075DDC96293A2106003442FE /* LogIn.swift in Sources */ = {isa = PBXBuildFile; fileRef = 075DDC95293A2106003442FE /* LogIn.swift */; };
		075F3ACF29419A810085E004 /* TopicDetailListVC.swift in Sources */ = {isa = PBXBuildFile; fileRef = 075F3ACE29419A810085E004 /* TopicDetailListVC.swift */; };
		075F3AD829419CCC0085E004 /* TopicDetailsTVC.swift in Sources */ = {isa = PBXBuildFile; fileRef = 075F3AD629419CCC0085E004 /* TopicDetailsTVC.swift */; };
		075F3AD929419CCC0085E004 /* TopicDetailsTVC.xib in Resources */ = {isa = PBXBuildFile; fileRef = 075F3AD729419CCC0085E004 /* TopicDetailsTVC.xib */; };
		075F3B152941D8E10085E004 /* UserModel.swift in Sources */ = {isa = PBXBuildFile; fileRef = 075F3B142941D8E10085E004 /* UserModel.swift */; };
		075F3B1A2941DF4F0085E004 /* UserDefault.swift in Sources */ = {isa = PBXBuildFile; fileRef = 075F3B192941DF4F0085E004 /* UserDefault.swift */; };
		075F3B20294217900085E004 /* MyCourse.storyboard in Resources */ = {isa = PBXBuildFile; fileRef = 075F3B1F294217900085E004 /* MyCourse.storyboard */; };
		075F3B2829422EFB0085E004 /* MyCourseVC.swift in Sources */ = {isa = PBXBuildFile; fileRef = 075F3B2729422EFB0085E004 /* MyCourseVC.swift */; };
		075F3B38294237790085E004 /* TabBarVC.swift in Sources */ = {isa = PBXBuildFile; fileRef = 075F3B37294237790085E004 /* TabBarVC.swift */; };
		075F3B3E2942406C0085E004 /* Contact & Profile.storyboard in Resources */ = {isa = PBXBuildFile; fileRef = 075F3B3D2942406C0085E004 /* Contact & Profile.storyboard */; };
		075F3B6E294255BF0085E004 /* ContactUsVC.swift in Sources */ = {isa = PBXBuildFile; fileRef = 075F3B6D294255BF0085E004 /* ContactUsVC.swift */; };
		076296E9293E019F00316445 /* SupportingFiles in Resources */ = {isa = PBXBuildFile; fileRef = 076296E8293E019F00316445 /* SupportingFiles */; };
		076296F4293E0A0600316445 /* SelectClass.storyboard in Resources */ = {isa = PBXBuildFile; fileRef = 076296F3293E0A0600316445 /* SelectClass.storyboard */; };
		076296FC293E0D5100316445 /* SelectClassVC.swift in Sources */ = {isa = PBXBuildFile; fileRef = 076296FB293E0D5100316445 /* SelectClassVC.swift */; };
		07629705293E0DB100316445 /* SelectClassTVC.swift in Sources */ = {isa = PBXBuildFile; fileRef = 07629703293E0DB100316445 /* SelectClassTVC.swift */; };
		07629706293E0DB100316445 /* SelectClassTVC.xib in Resources */ = {isa = PBXBuildFile; fileRef = 07629704293E0DB100316445 /* SelectClassTVC.xib */; };
		0762970B293E12EB00316445 /* ExamModel.swift in Sources */ = {isa = PBXBuildFile; fileRef = 0762970A293E12EB00316445 /* ExamModel.swift */; };
		07690931293F7A5D00B1E0C1 /* DeshboardCell.swift in Sources */ = {isa = PBXBuildFile; fileRef = 0769092F293F7A5C00B1E0C1 /* DeshboardCell.swift */; };
		07690932293F7A5D00B1E0C1 /* DeshboardCell.xib in Resources */ = {isa = PBXBuildFile; fileRef = 07690930293F7A5D00B1E0C1 /* DeshboardCell.xib */; };
		07690938293F7FB500B1E0C1 /* DeshboardModel.swift in Sources */ = {isa = PBXBuildFile; fileRef = 07690937293F7FB500B1E0C1 /* DeshboardModel.swift */; };
		0769093D293FA34900B1E0C1 /* GradientView.swift in Sources */ = {isa = PBXBuildFile; fileRef = 0769093C293FA34900B1E0C1 /* GradientView.swift */; };
		076A89D1292E60A10079B2B2 /* AppDelegate.swift in Sources */ = {isa = PBXBuildFile; fileRef = 076A89D0292E60A10079B2B2 /* AppDelegate.swift */; };
		076A89D3292E60A10079B2B2 /* SceneDelegate.swift in Sources */ = {isa = PBXBuildFile; fileRef = 076A89D2292E60A10079B2B2 /* SceneDelegate.swift */; };
		076A89D5292E60A10079B2B2 /* ViewController.swift in Sources */ = {isa = PBXBuildFile; fileRef = 076A89D4292E60A10079B2B2 /* ViewController.swift */; };
		076A89DA292E60A30079B2B2 /* Assets.xcassets in Resources */ = {isa = PBXBuildFile; fileRef = 076A89D9292E60A30079B2B2 /* Assets.xcassets */; };
		076A89DD292E60A30079B2B2 /* LaunchScreen.storyboard in Resources */ = {isa = PBXBuildFile; fileRef = 076A89DB292E60A30079B2B2 /* LaunchScreen.storyboard */; };
		076A89E8292E60A30079B2B2 /* MansarovarTests.swift in Sources */ = {isa = PBXBuildFile; fileRef = 076A89E7292E60A30079B2B2 /* MansarovarTests.swift */; };
		076A89F3292E60A30079B2B2 /* MansarovarUITests.swift in Sources */ = {isa = PBXBuildFile; fileRef = 076A89F2292E60A30079B2B2 /* MansarovarUITests.swift */; };
		076A8A07292E60BB0079B2B2 /* Main.storyboard in Resources */ = {isa = PBXBuildFile; fileRef = 076A8A06292E60BB0079B2B2 /* Main.storyboard */; };
		076A8A0C292E6C5E0079B2B2 /* LoginVC.swift in Sources */ = {isa = PBXBuildFile; fileRef = 076A8A0B292E6C5E0079B2B2 /* LoginVC.swift */; };
		076A8A1D292E83190079B2B2 /* LoginSuccessViewController.swift in Sources */ = {isa = PBXBuildFile; fileRef = 076A8A1C292E83190079B2B2 /* LoginSuccessViewController.swift */; };
		07B74E2A2944621200AC82AB /* Educator.storyboard in Resources */ = {isa = PBXBuildFile; fileRef = 07B74E292944621200AC82AB /* Educator.storyboard */; };
		07B74E322944629300AC82AB /* EducatorVC.swift in Sources */ = {isa = PBXBuildFile; fileRef = 07B74E312944629300AC82AB /* EducatorVC.swift */; };
		07B74E402944630000AC82AB /* EducatorListCell.swift in Sources */ = {isa = PBXBuildFile; fileRef = 07B74E3E2944630000AC82AB /* EducatorListCell.swift */; };
		07B74E412944630000AC82AB /* EducatorListCell.xib in Resources */ = {isa = PBXBuildFile; fileRef = 07B74E3F2944630000AC82AB /* EducatorListCell.xib */; };
		07B74E61294492CB00AC82AB /* NotificationVC.swift in Sources */ = {isa = PBXBuildFile; fileRef = 07B74E60294492CB00AC82AB /* NotificationVC.swift */; };
		07B74E6A294498CD00AC82AB /* NotificationCell.swift in Sources */ = {isa = PBXBuildFile; fileRef = 07B74E68294498CD00AC82AB /* NotificationCell.swift */; };
		07B74E6B294498CD00AC82AB /* NotificationCell.xib in Resources */ = {isa = PBXBuildFile; fileRef = 07B74E69294498CD00AC82AB /* NotificationCell.xib */; };
		07B74E712944B4D900AC82AB /* NotificationBaseModel.swift in Sources */ = {isa = PBXBuildFile; fileRef = 07B74E702944B4D900AC82AB /* NotificationBaseModel.swift */; };
		07B74E792944B51B00AC82AB /* NotificationsModel.swift in Sources */ = {isa = PBXBuildFile; fileRef = 07B74E782944B51B00AC82AB /* NotificationsModel.swift */; };
		07BED4DF2943220500D3662D /* ProfileVC.swift in Sources */ = {isa = PBXBuildFile; fileRef = 07BED4DE2943220500D3662D /* ProfileVC.swift */; };
		07BED4E42943267D00D3662D /* PlanDetailVC.swift in Sources */ = {isa = PBXBuildFile; fileRef = 07BED4E32943267D00D3662D /* PlanDetailVC.swift */; };
		07BED4ED2943270900D3662D /* PlanVedioTVC.swift in Sources */ = {isa = PBXBuildFile; fileRef = 07BED4EB2943270900D3662D /* PlanVedioTVC.swift */; };
		07BED4EE2943270900D3662D /* PlanVedioTVC.xib in Resources */ = {isa = PBXBuildFile; fileRef = 07BED4EC2943270900D3662D /* PlanVedioTVC.xib */; };
		07BED4FA29432A2000D3662D /* PlanTestTVC.swift in Sources */ = {isa = PBXBuildFile; fileRef = 07BED4F829432A2000D3662D /* PlanTestTVC.swift */; };
		07BED4FB29432A2000D3662D /* PlanTestTVC.xib in Resources */ = {isa = PBXBuildFile; fileRef = 07BED4F929432A2000D3662D /* PlanTestTVC.xib */; };
		07BED50129432A3C00D3662D /* PlanEbookTVC.swift in Sources */ = {isa = PBXBuildFile; fileRef = 07BED4FF29432A3C00D3662D /* PlanEbookTVC.swift */; };
		07BED50229432A3C00D3662D /* PlanEbookTVC.xib in Resources */ = {isa = PBXBuildFile; fileRef = 07BED50029432A3C00D3662D /* PlanEbookTVC.xib */; };
		07BED50829434C9200D3662D /* CourseBaseModel.swift in Sources */ = {isa = PBXBuildFile; fileRef = 07BED50729434C9200D3662D /* CourseBaseModel.swift */; };
		07BED50D29434DFB00D3662D /* Course.swift in Sources */ = {isa = PBXBuildFile; fileRef = 07BED50C29434DFB00D3662D /* Course.swift */; };
		07BED518294350ED00D3662D /* Videos.swift in Sources */ = {isa = PBXBuildFile; fileRef = 07BED517294350ED00D3662D /* Videos.swift */; };
		07BED5252943526900D3662D /* Ebooks.swift in Sources */ = {isa = PBXBuildFile; fileRef = 07BED5242943526900D3662D /* Ebooks.swift */; };
		1A26879C63E5DAF905440DE3 /* Pods_Mansarovar.framework in Frameworks */ = {isa = PBXBuildFile; fileRef = C46E4DDE195DC85F611F4622 /* Pods_Mansarovar.framework */; };
		43289556568F4E27E315AFEB /* Pods_Mansarovar_MansarovarUITests.framework in Frameworks */ = {isa = PBXBuildFile; fileRef = C0D8015ADFC0FF551059FB90 /* Pods_Mansarovar_MansarovarUITests.framework */; };
		F91DB3F5F3A17E6335DF2E2D /* Pods_MansarovarTests.framework in Frameworks */ = {isa = PBXBuildFile; fileRef = F58C790574E7E1440FFA5097 /* Pods_MansarovarTests.framework */; };
/* End PBXBuildFile section */

/* Begin PBXContainerItemProxy section */
		076A89E4292E60A30079B2B2 /* PBXContainerItemProxy */ = {
			isa = PBXContainerItemProxy;
			containerPortal = 076A89C5292E60A10079B2B2 /* Project object */;
			proxyType = 1;
			remoteGlobalIDString = 076A89CC292E60A10079B2B2;
			remoteInfo = Mansarovar;
		};
		076A89EF292E60A30079B2B2 /* PBXContainerItemProxy */ = {
			isa = PBXContainerItemProxy;
			containerPortal = 076A89C5292E60A10079B2B2 /* Project object */;
			proxyType = 1;
			remoteGlobalIDString = 076A89CC292E60A10079B2B2;
			remoteInfo = Mansarovar;
		};
/* End PBXContainerItemProxy section */

/* Begin PBXFileReference section */
		0719634829475DE200A9E439 /* EducatorBaseModel.swift */ = {isa = PBXFileReference; lastKnownFileType = sourcecode.swift; path = EducatorBaseModel.swift; sourceTree = "<group>"; };
		0719634D29475F0B00A9E439 /* EducatorModel.swift */ = {isa = PBXFileReference; lastKnownFileType = sourcecode.swift; path = EducatorModel.swift; sourceTree = "<group>"; };
		0719635229476C3C00A9E439 /* ProfileTVC.swift */ = {isa = PBXFileReference; lastKnownFileType = sourcecode.swift; path = ProfileTVC.swift; sourceTree = "<group>"; };
		0719635329476C3C00A9E439 /* ProfileTVC.xib */ = {isa = PBXFileReference; lastKnownFileType = file.xib; path = ProfileTVC.xib; sourceTree = "<group>"; };
		075845CE293B08F6005565F7 /* TestSeriesVC.swift */ = {isa = PBXFileReference; lastKnownFileType = sourcecode.swift; path = TestSeriesVC.swift; sourceTree = "<group>"; };
		075845D3293B093C005565F7 /* TestSeriesCell.swift */ = {isa = PBXFileReference; lastKnownFileType = sourcecode.swift; path = TestSeriesCell.swift; sourceTree = "<group>"; };
		075845D4293B093C005565F7 /* TestSeriesCell.xib */ = {isa = PBXFileReference; lastKnownFileType = file.xib; path = TestSeriesCell.xib; sourceTree = "<group>"; };
		075845DA293B166F005565F7 /* AllTestSeriesModel.swift */ = {isa = PBXFileReference; lastKnownFileType = sourcecode.swift; path = AllTestSeriesModel.swift; sourceTree = "<group>"; };
		0759A3F62944E2C0002A9986 /* CommentsModel.swift */ = {isa = PBXFileReference; lastKnownFileType = sourcecode.swift; path = CommentsModel.swift; sourceTree = "<group>"; };
		0759A4082944E596002A9986 /* ShowVideoTVC.swift */ = {isa = PBXFileReference; lastKnownFileType = sourcecode.swift; path = ShowVideoTVC.swift; sourceTree = "<group>"; };
		0759A4092944E596002A9986 /* ShowVideoTVC.xib */ = {isa = PBXFileReference; lastKnownFileType = file.xib; path = ShowVideoTVC.xib; sourceTree = "<group>"; };
		075A23532940E1DF00721723 /* TopicListVC.swift */ = {isa = PBXFileReference; lastKnownFileType = sourcecode.swift; path = TopicListVC.swift; sourceTree = "<group>"; };
		075A23582940E6A400721723 /* TopicTVC.swift */ = {isa = PBXFileReference; lastKnownFileType = sourcecode.swift; path = TopicTVC.swift; sourceTree = "<group>"; };
		075A23592940E6A400721723 /* TopicTVC.xib */ = {isa = PBXFileReference; lastKnownFileType = file.xib; path = TopicTVC.xib; sourceTree = "<group>"; };
		075A23602940F6D200721723 /* TopicCourseModel.swift */ = {isa = PBXFileReference; lastKnownFileType = sourcecode.swift; path = TopicCourseModel.swift; sourceTree = "<group>"; };
		075A23682940FB7800721723 /* CourseModel.swift */ = {isa = PBXFileReference; lastKnownFileType = sourcecode.swift; path = CourseModel.swift; sourceTree = "<group>"; };
		075A23EC294142BA00721723 /* Topic.swift */ = {isa = PBXFileReference; lastKnownFileType = sourcecode.swift; path = Topic.swift; sourceTree = "<group>"; };
		075A23F4294146B600721723 /* TopicModel.swift */ = {isa = PBXFileReference; lastKnownFileType = sourcecode.swift; path = TopicModel.swift; sourceTree = "<group>"; };
		075ADE1D2944C1C8009C5C5B /* ShowVideoVC.swift */ = {isa = PBXFileReference; lastKnownFileType = sourcecode.swift; path = ShowVideoVC.swift; sourceTree = "<group>"; };
		075B7870293B8DC100A94C82 /* Dashboard.storyboard */ = {isa = PBXFileReference; lastKnownFileType = file.storyboard; path = Dashboard.storyboard; sourceTree = "<group>"; };
		075B787B293B924B00A94C82 /* DeshboardVC.swift */ = {isa = PBXFileReference; lastKnownFileType = sourcecode.swift; path = DeshboardVC.swift; sourceTree = "<group>"; };
		075B7883293BAEE600A94C82 /* RegisterModer.swift */ = {isa = PBXFileReference; fileEncoding = 4; lastKnownFileType = sourcecode.swift; path = RegisterModer.swift; sourceTree = "<group>"; };
		075BAADB2939AFF000E698AB /* SignUpVC.swift */ = {isa = PBXFileReference; lastKnownFileType = sourcecode.swift; path = SignUpVC.swift; sourceTree = "<group>"; };
		075BAAE12939B8FF00E698AB /* Roboto-Bold.ttf */ = {isa = PBXFileReference; lastKnownFileType = file; path = "Roboto-Bold.ttf"; sourceTree = "<group>"; };
		075BAAE22939B8FF00E698AB /* Roboto-BlackItalic.ttf */ = {isa = PBXFileReference; lastKnownFileType = file; path = "Roboto-BlackItalic.ttf"; sourceTree = "<group>"; };
		075BAAE32939B8FF00E698AB /* Roboto-Black.ttf */ = {isa = PBXFileReference; lastKnownFileType = file; path = "Roboto-Black.ttf"; sourceTree = "<group>"; };
		075BAAE42939B8FF00E698AB /* Roboto-MediumItalic.ttf */ = {isa = PBXFileReference; lastKnownFileType = file; path = "Roboto-MediumItalic.ttf"; sourceTree = "<group>"; };
		075BAAE52939B8FF00E698AB /* Roboto-Thin.ttf */ = {isa = PBXFileReference; lastKnownFileType = file; path = "Roboto-Thin.ttf"; sourceTree = "<group>"; };
		075BAAE62939B8FF00E698AB /* Roboto-ThinItalic.ttf */ = {isa = PBXFileReference; lastKnownFileType = file; path = "Roboto-ThinItalic.ttf"; sourceTree = "<group>"; };
		075BAAE72939B8FF00E698AB /* Roboto-LightItalic.ttf */ = {isa = PBXFileReference; lastKnownFileType = file; path = "Roboto-LightItalic.ttf"; sourceTree = "<group>"; };
		075BAAE82939B8FF00E698AB /* Roboto-Medium.ttf */ = {isa = PBXFileReference; lastKnownFileType = file; path = "Roboto-Medium.ttf"; sourceTree = "<group>"; };
		075BAAE92939B8FF00E698AB /* Roboto-Light.ttf */ = {isa = PBXFileReference; lastKnownFileType = file; path = "Roboto-Light.ttf"; sourceTree = "<group>"; };
		075BAAEA2939B8FF00E698AB /* Roboto-BoldItalic.ttf */ = {isa = PBXFileReference; lastKnownFileType = file; path = "Roboto-BoldItalic.ttf"; sourceTree = "<group>"; };
		075BAAEB2939B8FF00E698AB /* Roboto-Regular.ttf */ = {isa = PBXFileReference; lastKnownFileType = file; path = "Roboto-Regular.ttf"; sourceTree = "<group>"; };
		075BAAEC2939B8FF00E698AB /* Roboto-Italic.ttf */ = {isa = PBXFileReference; lastKnownFileType = file; path = "Roboto-Italic.ttf"; sourceTree = "<group>"; };
		075BAAFC2939D71700E698AB /* ForgotPasswordVC.swift */ = {isa = PBXFileReference; lastKnownFileType = sourcecode.swift; path = ForgotPasswordVC.swift; sourceTree = "<group>"; };
		075BAB022939DCA900E698AB /* Extension.swift */ = {isa = PBXFileReference; lastKnownFileType = sourcecode.swift; path = Extension.swift; sourceTree = "<group>"; };
		075C83D0293EECED008EE45D /* SubjectsModel.swift */ = {isa = PBXFileReference; lastKnownFileType = sourcecode.swift; path = SubjectsModel.swift; sourceTree = "<group>"; };
		075C83E6293EFCE3008EE45D /* UpdateExamModel.swift */ = {isa = PBXFileReference; lastKnownFileType = sourcecode.swift; path = UpdateExamModel.swift; sourceTree = "<group>"; };
		075D001E29484905002971FE /* ApiManager.swift */ = {isa = PBXFileReference; lastKnownFileType = sourcecode.swift; path = ApiManager.swift; sourceTree = "<group>"; };
		075D2835293DBF99007D4A46 /* SliderImagesCell.swift */ = {isa = PBXFileReference; lastKnownFileType = sourcecode.swift; path = SliderImagesCell.swift; sourceTree = "<group>"; };
		075D2836293DBF99007D4A46 /* SliderImagesCell.xib */ = {isa = PBXFileReference; lastKnownFileType = file.xib; path = SliderImagesCell.xib; sourceTree = "<group>"; };
		075D2844293DED65007D4A46 /* LeftMenu.swift */ = {isa = PBXFileReference; lastKnownFileType = sourcecode.swift; path = LeftMenu.swift; sourceTree = "<group>"; };
		075D9663293CB242007DAC82 /* Constant.swift */ = {isa = PBXFileReference; lastKnownFileType = sourcecode.swift; path = Constant.swift; sourceTree = "<group>"; };
		075D969F293CCE5A007DAC82 /* ForgotPasswordModel.swift */ = {isa = PBXFileReference; lastKnownFileType = sourcecode.swift; path = ForgotPasswordModel.swift; sourceTree = "<group>"; };
		075DDC95293A2106003442FE /* LogIn.swift */ = {isa = PBXFileReference; lastKnownFileType = sourcecode.swift; path = LogIn.swift; sourceTree = "<group>"; };
		075F3ACE29419A810085E004 /* TopicDetailListVC.swift */ = {isa = PBXFileReference; lastKnownFileType = sourcecode.swift; path = TopicDetailListVC.swift; sourceTree = "<group>"; };
		075F3AD629419CCC0085E004 /* TopicDetailsTVC.swift */ = {isa = PBXFileReference; lastKnownFileType = sourcecode.swift; path = TopicDetailsTVC.swift; sourceTree = "<group>"; };
		075F3AD729419CCC0085E004 /* TopicDetailsTVC.xib */ = {isa = PBXFileReference; lastKnownFileType = file.xib; path = TopicDetailsTVC.xib; sourceTree = "<group>"; };
		075F3B142941D8E10085E004 /* UserModel.swift */ = {isa = PBXFileReference; lastKnownFileType = sourcecode.swift; path = UserModel.swift; sourceTree = "<group>"; };
		075F3B192941DF4F0085E004 /* UserDefault.swift */ = {isa = PBXFileReference; lastKnownFileType = sourcecode.swift; path = UserDefault.swift; sourceTree = "<group>"; };
		075F3B1F294217900085E004 /* MyCourse.storyboard */ = {isa = PBXFileReference; lastKnownFileType = file.storyboard; path = MyCourse.storyboard; sourceTree = "<group>"; };
		075F3B2729422EFB0085E004 /* MyCourseVC.swift */ = {isa = PBXFileReference; lastKnownFileType = sourcecode.swift; path = MyCourseVC.swift; sourceTree = "<group>"; };
		075F3B37294237790085E004 /* TabBarVC.swift */ = {isa = PBXFileReference; lastKnownFileType = sourcecode.swift; path = TabBarVC.swift; sourceTree = "<group>"; };
		075F3B3D2942406C0085E004 /* Contact & Profile.storyboard */ = {isa = PBXFileReference; lastKnownFileType = file.storyboard; path = "Contact & Profile.storyboard"; sourceTree = "<group>"; };
		075F3B6D294255BF0085E004 /* ContactUsVC.swift */ = {isa = PBXFileReference; lastKnownFileType = sourcecode.swift; path = ContactUsVC.swift; sourceTree = "<group>"; };
		076296E8293E019F00316445 /* SupportingFiles */ = {isa = PBXFileReference; lastKnownFileType = folder; path = SupportingFiles; sourceTree = "<group>"; };
		076296F3293E0A0600316445 /* SelectClass.storyboard */ = {isa = PBXFileReference; lastKnownFileType = file.storyboard; path = SelectClass.storyboard; sourceTree = "<group>"; };
		076296FB293E0D5100316445 /* SelectClassVC.swift */ = {isa = PBXFileReference; lastKnownFileType = sourcecode.swift; path = SelectClassVC.swift; sourceTree = "<group>"; };
		07629703293E0DB100316445 /* SelectClassTVC.swift */ = {isa = PBXFileReference; lastKnownFileType = sourcecode.swift; path = SelectClassTVC.swift; sourceTree = "<group>"; };
		07629704293E0DB100316445 /* SelectClassTVC.xib */ = {isa = PBXFileReference; lastKnownFileType = file.xib; path = SelectClassTVC.xib; sourceTree = "<group>"; };
		0762970A293E12EB00316445 /* ExamModel.swift */ = {isa = PBXFileReference; lastKnownFileType = sourcecode.swift; path = ExamModel.swift; sourceTree = "<group>"; };
		0769092F293F7A5C00B1E0C1 /* DeshboardCell.swift */ = {isa = PBXFileReference; lastKnownFileType = sourcecode.swift; path = DeshboardCell.swift; sourceTree = "<group>"; };
		07690930293F7A5D00B1E0C1 /* DeshboardCell.xib */ = {isa = PBXFileReference; lastKnownFileType = file.xib; path = DeshboardCell.xib; sourceTree = "<group>"; };
		07690937293F7FB500B1E0C1 /* DeshboardModel.swift */ = {isa = PBXFileReference; lastKnownFileType = sourcecode.swift; path = DeshboardModel.swift; sourceTree = "<group>"; };
		0769093C293FA34900B1E0C1 /* GradientView.swift */ = {isa = PBXFileReference; fileEncoding = 4; lastKnownFileType = sourcecode.swift; path = GradientView.swift; sourceTree = "<group>"; };
		076A89CD292E60A10079B2B2 /* Mansarovar.app */ = {isa = PBXFileReference; explicitFileType = wrapper.application; includeInIndex = 0; path = Mansarovar.app; sourceTree = BUILT_PRODUCTS_DIR; };
		076A89D0292E60A10079B2B2 /* AppDelegate.swift */ = {isa = PBXFileReference; lastKnownFileType = sourcecode.swift; path = AppDelegate.swift; sourceTree = "<group>"; };
		076A89D2292E60A10079B2B2 /* SceneDelegate.swift */ = {isa = PBXFileReference; lastKnownFileType = sourcecode.swift; path = SceneDelegate.swift; sourceTree = "<group>"; };
		076A89D4292E60A10079B2B2 /* ViewController.swift */ = {isa = PBXFileReference; lastKnownFileType = sourcecode.swift; path = ViewController.swift; sourceTree = "<group>"; };
		076A89D9292E60A30079B2B2 /* Assets.xcassets */ = {isa = PBXFileReference; lastKnownFileType = folder.assetcatalog; path = Assets.xcassets; sourceTree = "<group>"; };
		076A89DC292E60A30079B2B2 /* Base */ = {isa = PBXFileReference; lastKnownFileType = file.storyboard; name = Base; path = Base.lproj/LaunchScreen.storyboard; sourceTree = "<group>"; };
		076A89DE292E60A30079B2B2 /* Info.plist */ = {isa = PBXFileReference; lastKnownFileType = text.plist.xml; path = Info.plist; sourceTree = "<group>"; };
		076A89E3292E60A30079B2B2 /* MansarovarTests.xctest */ = {isa = PBXFileReference; explicitFileType = wrapper.cfbundle; includeInIndex = 0; path = MansarovarTests.xctest; sourceTree = BUILT_PRODUCTS_DIR; };
		076A89E7292E60A30079B2B2 /* MansarovarTests.swift */ = {isa = PBXFileReference; lastKnownFileType = sourcecode.swift; path = MansarovarTests.swift; sourceTree = "<group>"; };
		076A89E9292E60A30079B2B2 /* Info.plist */ = {isa = PBXFileReference; lastKnownFileType = text.plist.xml; path = Info.plist; sourceTree = "<group>"; };
		076A89EE292E60A30079B2B2 /* MansarovarUITests.xctest */ = {isa = PBXFileReference; explicitFileType = wrapper.cfbundle; includeInIndex = 0; path = MansarovarUITests.xctest; sourceTree = BUILT_PRODUCTS_DIR; };
		076A89F2292E60A30079B2B2 /* MansarovarUITests.swift */ = {isa = PBXFileReference; lastKnownFileType = sourcecode.swift; path = MansarovarUITests.swift; sourceTree = "<group>"; };
		076A89F4292E60A30079B2B2 /* Info.plist */ = {isa = PBXFileReference; lastKnownFileType = text.plist.xml; path = Info.plist; sourceTree = "<group>"; };
		076A8A06292E60BB0079B2B2 /* Main.storyboard */ = {isa = PBXFileReference; fileEncoding = 4; lastKnownFileType = file.storyboard; path = Main.storyboard; sourceTree = "<group>"; };
		076A8A0B292E6C5E0079B2B2 /* LoginVC.swift */ = {isa = PBXFileReference; lastKnownFileType = sourcecode.swift; path = LoginVC.swift; sourceTree = "<group>"; };
		076A8A1C292E83190079B2B2 /* LoginSuccessViewController.swift */ = {isa = PBXFileReference; lastKnownFileType = sourcecode.swift; path = LoginSuccessViewController.swift; sourceTree = "<group>"; };
		07B74E292944621200AC82AB /* Educator.storyboard */ = {isa = PBXFileReference; lastKnownFileType = file.storyboard; path = Educator.storyboard; sourceTree = "<group>"; };
		07B74E312944629300AC82AB /* EducatorVC.swift */ = {isa = PBXFileReference; lastKnownFileType = sourcecode.swift; path = EducatorVC.swift; sourceTree = "<group>"; };
		07B74E3E2944630000AC82AB /* EducatorListCell.swift */ = {isa = PBXFileReference; lastKnownFileType = sourcecode.swift; path = EducatorListCell.swift; sourceTree = "<group>"; };
		07B74E3F2944630000AC82AB /* EducatorListCell.xib */ = {isa = PBXFileReference; lastKnownFileType = file.xib; path = EducatorListCell.xib; sourceTree = "<group>"; };
		07B74E60294492CB00AC82AB /* NotificationVC.swift */ = {isa = PBXFileReference; lastKnownFileType = sourcecode.swift; path = NotificationVC.swift; sourceTree = "<group>"; };
		07B74E68294498CD00AC82AB /* NotificationCell.swift */ = {isa = PBXFileReference; lastKnownFileType = sourcecode.swift; path = NotificationCell.swift; sourceTree = "<group>"; };
		07B74E69294498CD00AC82AB /* NotificationCell.xib */ = {isa = PBXFileReference; lastKnownFileType = file.xib; path = NotificationCell.xib; sourceTree = "<group>"; };
		07B74E702944B4D900AC82AB /* NotificationBaseModel.swift */ = {isa = PBXFileReference; lastKnownFileType = sourcecode.swift; path = NotificationBaseModel.swift; sourceTree = "<group>"; };
		07B74E782944B51B00AC82AB /* NotificationsModel.swift */ = {isa = PBXFileReference; lastKnownFileType = sourcecode.swift; path = NotificationsModel.swift; sourceTree = "<group>"; };
		07BED4DE2943220500D3662D /* ProfileVC.swift */ = {isa = PBXFileReference; lastKnownFileType = sourcecode.swift; path = ProfileVC.swift; sourceTree = "<group>"; };
		07BED4E32943267D00D3662D /* PlanDetailVC.swift */ = {isa = PBXFileReference; lastKnownFileType = sourcecode.swift; path = PlanDetailVC.swift; sourceTree = "<group>"; };
		07BED4EB2943270900D3662D /* PlanVedioTVC.swift */ = {isa = PBXFileReference; lastKnownFileType = sourcecode.swift; path = PlanVedioTVC.swift; sourceTree = "<group>"; };
		07BED4EC2943270900D3662D /* PlanVedioTVC.xib */ = {isa = PBXFileReference; lastKnownFileType = file.xib; path = PlanVedioTVC.xib; sourceTree = "<group>"; };
		07BED4F829432A2000D3662D /* PlanTestTVC.swift */ = {isa = PBXFileReference; lastKnownFileType = sourcecode.swift; path = PlanTestTVC.swift; sourceTree = "<group>"; };
		07BED4F929432A2000D3662D /* PlanTestTVC.xib */ = {isa = PBXFileReference; lastKnownFileType = file.xib; path = PlanTestTVC.xib; sourceTree = "<group>"; };
		07BED4FF29432A3C00D3662D /* PlanEbookTVC.swift */ = {isa = PBXFileReference; lastKnownFileType = sourcecode.swift; path = PlanEbookTVC.swift; sourceTree = "<group>"; };
		07BED50029432A3C00D3662D /* PlanEbookTVC.xib */ = {isa = PBXFileReference; lastKnownFileType = file.xib; path = PlanEbookTVC.xib; sourceTree = "<group>"; };
		07BED50729434C9200D3662D /* CourseBaseModel.swift */ = {isa = PBXFileReference; lastKnownFileType = sourcecode.swift; path = CourseBaseModel.swift; sourceTree = "<group>"; };
		07BED50C29434DFB00D3662D /* Course.swift */ = {isa = PBXFileReference; lastKnownFileType = sourcecode.swift; path = Course.swift; sourceTree = "<group>"; };
		07BED517294350ED00D3662D /* Videos.swift */ = {isa = PBXFileReference; lastKnownFileType = sourcecode.swift; path = Videos.swift; sourceTree = "<group>"; };
		07BED5242943526900D3662D /* Ebooks.swift */ = {isa = PBXFileReference; lastKnownFileType = sourcecode.swift; path = Ebooks.swift; sourceTree = "<group>"; };
		1B8BA5AAFCBB1D1E3F8D5108 /* Pods-Mansarovar.release.xcconfig */ = {isa = PBXFileReference; includeInIndex = 1; lastKnownFileType = text.xcconfig; name = "Pods-Mansarovar.release.xcconfig"; path = "Target Support Files/Pods-Mansarovar/Pods-Mansarovar.release.xcconfig"; sourceTree = "<group>"; };
		24541873DE8A9DA1226C103D /* Pods-Mansarovar-MansarovarUITests.debug.xcconfig */ = {isa = PBXFileReference; includeInIndex = 1; lastKnownFileType = text.xcconfig; name = "Pods-Mansarovar-MansarovarUITests.debug.xcconfig"; path = "Target Support Files/Pods-Mansarovar-MansarovarUITests/Pods-Mansarovar-MansarovarUITests.debug.xcconfig"; sourceTree = "<group>"; };
		29B60F6EE4A9CA47F53F2307 /* Pods-MansarovarTests.release.xcconfig */ = {isa = PBXFileReference; includeInIndex = 1; lastKnownFileType = text.xcconfig; name = "Pods-MansarovarTests.release.xcconfig"; path = "Target Support Files/Pods-MansarovarTests/Pods-MansarovarTests.release.xcconfig"; sourceTree = "<group>"; };
		74383316358AA6C4C2677E34 /* Pods-Mansarovar.debug.xcconfig */ = {isa = PBXFileReference; includeInIndex = 1; lastKnownFileType = text.xcconfig; name = "Pods-Mansarovar.debug.xcconfig"; path = "Target Support Files/Pods-Mansarovar/Pods-Mansarovar.debug.xcconfig"; sourceTree = "<group>"; };
		8A9A5A6D56CEAB75FF9DCC8F /* Pods-Mansarovar-MansarovarUITests.release.xcconfig */ = {isa = PBXFileReference; includeInIndex = 1; lastKnownFileType = text.xcconfig; name = "Pods-Mansarovar-MansarovarUITests.release.xcconfig"; path = "Target Support Files/Pods-Mansarovar-MansarovarUITests/Pods-Mansarovar-MansarovarUITests.release.xcconfig"; sourceTree = "<group>"; };
		BEF1DC44DD4834F1B8E72E39 /* Pods-MansarovarTests.debug.xcconfig */ = {isa = PBXFileReference; includeInIndex = 1; lastKnownFileType = text.xcconfig; name = "Pods-MansarovarTests.debug.xcconfig"; path = "Target Support Files/Pods-MansarovarTests/Pods-MansarovarTests.debug.xcconfig"; sourceTree = "<group>"; };
		C0D8015ADFC0FF551059FB90 /* Pods_Mansarovar_MansarovarUITests.framework */ = {isa = PBXFileReference; explicitFileType = wrapper.framework; includeInIndex = 0; path = Pods_Mansarovar_MansarovarUITests.framework; sourceTree = BUILT_PRODUCTS_DIR; };
		C46E4DDE195DC85F611F4622 /* Pods_Mansarovar.framework */ = {isa = PBXFileReference; explicitFileType = wrapper.framework; includeInIndex = 0; path = Pods_Mansarovar.framework; sourceTree = BUILT_PRODUCTS_DIR; };
		F58C790574E7E1440FFA5097 /* Pods_MansarovarTests.framework */ = {isa = PBXFileReference; explicitFileType = wrapper.framework; includeInIndex = 0; path = Pods_MansarovarTests.framework; sourceTree = BUILT_PRODUCTS_DIR; };
/* End PBXFileReference section */

/* Begin PBXFrameworksBuildPhase section */
		076A89CA292E60A10079B2B2 /* Frameworks */ = {
			isa = PBXFrameworksBuildPhase;
			buildActionMask = 2147483647;
			files = (
				1A26879C63E5DAF905440DE3 /* Pods_Mansarovar.framework in Frameworks */,
			);
			runOnlyForDeploymentPostprocessing = 0;
		};
		076A89E0292E60A30079B2B2 /* Frameworks */ = {
			isa = PBXFrameworksBuildPhase;
			buildActionMask = 2147483647;
			files = (
				F91DB3F5F3A17E6335DF2E2D /* Pods_MansarovarTests.framework in Frameworks */,
			);
			runOnlyForDeploymentPostprocessing = 0;
		};
		076A89EB292E60A30079B2B2 /* Frameworks */ = {
			isa = PBXFrameworksBuildPhase;
			buildActionMask = 2147483647;
			files = (
				43289556568F4E27E315AFEB /* Pods_Mansarovar_MansarovarUITests.framework in Frameworks */,
			);
			runOnlyForDeploymentPostprocessing = 0;
		};
/* End PBXFrameworksBuildPhase section */

/* Begin PBXGroup section */
		0759A3F52944E289002A9986 /* CommentsModel */ = {
			isa = PBXGroup;
			children = (
				0759A3F62944E2C0002A9986 /* CommentsModel.swift */,
			);
			path = CommentsModel;
			sourceTree = "<group>";
		};
		075A235F2940F6B300721723 /* TopicModel */ = {
			isa = PBXGroup;
			children = (
				075A23602940F6D200721723 /* TopicCourseModel.swift */,
				075A23EC294142BA00721723 /* Topic.swift */,
				075A23F4294146B600721723 /* TopicModel.swift */,
			);
			path = TopicModel;
			sourceTree = "<group>";
		};
		075B784E293B43BB00A94C82 /* Session */ = {
			isa = PBXGroup;
			children = (
				076A8A0B292E6C5E0079B2B2 /* LoginVC.swift */,
				076A8A1C292E83190079B2B2 /* LoginSuccessViewController.swift */,
				075BAADB2939AFF000E698AB /* SignUpVC.swift */,
				075BAAFC2939D71700E698AB /* ForgotPasswordVC.swift */,
				075845CE293B08F6005565F7 /* TestSeriesVC.swift */,
				07B74E60294492CB00AC82AB /* NotificationVC.swift */,
			);
			path = Session;
			sourceTree = "<group>";
		};
		075B786F293B8D9600A94C82 /* Dashboard */ = {
			isa = PBXGroup;
			children = (
				075B7877293B91B600A94C82 /* Model */,
				075B7876293B91AC00A94C82 /* View */,
				075B7875293B919B00A94C82 /* Controller */,
				075B7870293B8DC100A94C82 /* Dashboard.storyboard */,
				075D2844293DED65007D4A46 /* LeftMenu.swift */,
			);
			path = Dashboard;
			sourceTree = "<group>";
		};
		075B7875293B919B00A94C82 /* Controller */ = {
			isa = PBXGroup;
			children = (
				075F3B37294237790085E004 /* TabBarVC.swift */,
				075B787B293B924B00A94C82 /* DeshboardVC.swift */,
				075A23532940E1DF00721723 /* TopicListVC.swift */,
				075F3ACE29419A810085E004 /* TopicDetailListVC.swift */,
				07BED4E32943267D00D3662D /* PlanDetailVC.swift */,
				075ADE1D2944C1C8009C5C5B /* ShowVideoVC.swift */,
			);
			path = Controller;
			sourceTree = "<group>";
		};
		075B7876293B91AC00A94C82 /* View */ = {
			isa = PBXGroup;
			children = (
				075D2835293DBF99007D4A46 /* SliderImagesCell.swift */,
				075D2836293DBF99007D4A46 /* SliderImagesCell.xib */,
				0769092F293F7A5C00B1E0C1 /* DeshboardCell.swift */,
				07690930293F7A5D00B1E0C1 /* DeshboardCell.xib */,
				075A23582940E6A400721723 /* TopicTVC.swift */,
				075A23592940E6A400721723 /* TopicTVC.xib */,
				075F3AD629419CCC0085E004 /* TopicDetailsTVC.swift */,
				075F3AD729419CCC0085E004 /* TopicDetailsTVC.xib */,
				07BED4EB2943270900D3662D /* PlanVedioTVC.swift */,
				07BED4EC2943270900D3662D /* PlanVedioTVC.xib */,
				07BED4F829432A2000D3662D /* PlanTestTVC.swift */,
				07BED4F929432A2000D3662D /* PlanTestTVC.xib */,
				07BED4FF29432A3C00D3662D /* PlanEbookTVC.swift */,
				07BED50029432A3C00D3662D /* PlanEbookTVC.xib */,
				0759A4082944E596002A9986 /* ShowVideoTVC.swift */,
				0759A4092944E596002A9986 /* ShowVideoTVC.xib */,
			);
			path = View;
			sourceTree = "<group>";
		};
		075B7877293B91B600A94C82 /* Model */ = {
			isa = PBXGroup;
			children = (
				0759A3F52944E289002A9986 /* CommentsModel */,
				07BED50629434C4E00D3662D /* CourseDetailsModel */,
				075A235F2940F6B300721723 /* TopicModel */,
				0762970A293E12EB00316445 /* ExamModel.swift */,
				075C83D0293EECED008EE45D /* SubjectsModel.swift */,
				07690937293F7FB500B1E0C1 /* DeshboardModel.swift */,
				075A23682940FB7800721723 /* CourseModel.swift */,
			);
			path = Model;
			sourceTree = "<group>";
		};
		075BAAD72939AF5000E698AB /* Login and SignUp */ = {
			isa = PBXGroup;
			children = (
				075BAAD82939AF8000E698AB /* Model */,
				075BAAD92939AF8900E698AB /* view */,
				075BAADA2939AF9200E698AB /* Controllre */,
			);
			path = "Login and SignUp";
			sourceTree = "<group>";
		};
		075BAAD82939AF8000E698AB /* Model */ = {
			isa = PBXGroup;
			children = (
				07B74E6F2944B4B600AC82AB /* Notification */,
				075DDC95293A2106003442FE /* LogIn.swift */,
				075845DA293B166F005565F7 /* AllTestSeriesModel.swift */,
				075B7883293BAEE600A94C82 /* RegisterModer.swift */,
				075D969F293CCE5A007DAC82 /* ForgotPasswordModel.swift */,
				075F3B142941D8E10085E004 /* UserModel.swift */,
			);
			path = Model;
			sourceTree = "<group>";
		};
		075BAAD92939AF8900E698AB /* view */ = {
			isa = PBXGroup;
			children = (
				075845D3293B093C005565F7 /* TestSeriesCell.swift */,
				075845D4293B093C005565F7 /* TestSeriesCell.xib */,
				07B74E68294498CD00AC82AB /* NotificationCell.swift */,
				07B74E69294498CD00AC82AB /* NotificationCell.xib */,
			);
			path = view;
			sourceTree = "<group>";
		};
		075BAADA2939AF9200E698AB /* Controllre */ = {
			isa = PBXGroup;
			children = (
				075B784E293B43BB00A94C82 /* Session */,
				076A8A06292E60BB0079B2B2 /* Main.storyboard */,
			);
			path = Controllre;
			sourceTree = "<group>";
		};
		075BAAE02939B7BE00E698AB /* Font */ = {
			isa = PBXGroup;
			children = (
				075BAAE32939B8FF00E698AB /* Roboto-Black.ttf */,
				075BAAE22939B8FF00E698AB /* Roboto-BlackItalic.ttf */,
				075BAAE12939B8FF00E698AB /* Roboto-Bold.ttf */,
				075BAAEA2939B8FF00E698AB /* Roboto-BoldItalic.ttf */,
				075BAAEC2939B8FF00E698AB /* Roboto-Italic.ttf */,
				075BAAE92939B8FF00E698AB /* Roboto-Light.ttf */,
				075BAAE72939B8FF00E698AB /* Roboto-LightItalic.ttf */,
				075BAAE82939B8FF00E698AB /* Roboto-Medium.ttf */,
				075BAAE42939B8FF00E698AB /* Roboto-MediumItalic.ttf */,
				075BAAEB2939B8FF00E698AB /* Roboto-Regular.ttf */,
				075BAAE52939B8FF00E698AB /* Roboto-Thin.ttf */,
				075BAAE62939B8FF00E698AB /* Roboto-ThinItalic.ttf */,
			);
			path = Font;
			sourceTree = "<group>";
		};
		075BAB012939DC6500E698AB /* Helper */ = {
			isa = PBXGroup;
			children = (
				075BAB022939DCA900E698AB /* Extension.swift */,
				075F3B192941DF4F0085E004 /* UserDefault.swift */,
			);
			path = Helper;
			sourceTree = "<group>";
		};
		075D001D294848E7002971FE /* Network */ = {
			isa = PBXGroup;
			children = (
				075D001E29484905002971FE /* ApiManager.swift */,
			);
			path = Network;
			sourceTree = "<group>";
		};
		075D9662293CB220007DAC82 /* Constant */ = {
			isa = PBXGroup;
			children = (
				075D9663293CB242007DAC82 /* Constant.swift */,
			);
			path = Constant;
			sourceTree = "<group>";
		};
		075F3B1E294217640085E004 /* MyCourses */ = {
			isa = PBXGroup;
			children = (
				075F3B2629422ED80085E004 /* Model */,
				075F3B2529422ECC0085E004 /* View */,
				075F3B2429422EBD0085E004 /* Controller */,
				075F3B1F294217900085E004 /* MyCourse.storyboard */,
			);
			path = MyCourses;
			sourceTree = "<group>";
		};
		075F3B2429422EBD0085E004 /* Controller */ = {
			isa = PBXGroup;
			children = (
				075F3B2729422EFB0085E004 /* MyCourseVC.swift */,
			);
			path = Controller;
			sourceTree = "<group>";
		};
		075F3B2529422ECC0085E004 /* View */ = {
			isa = PBXGroup;
			children = (
			);
			path = View;
			sourceTree = "<group>";
		};
		075F3B2629422ED80085E004 /* Model */ = {
			isa = PBXGroup;
			children = (
			);
			path = Model;
			sourceTree = "<group>";
		};
		075F3B3C294240480085E004 /* Contact & Profile */ = {
			isa = PBXGroup;
			children = (
				075F3B69294255890085E004 /* Model */,
				075F3B682942557F0085E004 /* View */,
				075F3B67294255730085E004 /* Controller */,
				075F3B3D2942406C0085E004 /* Contact & Profile.storyboard */,
			);
			path = "Contact & Profile";
			sourceTree = "<group>";
		};
		075F3B67294255730085E004 /* Controller */ = {
			isa = PBXGroup;
			children = (
				075F3B6D294255BF0085E004 /* ContactUsVC.swift */,
				07BED4DE2943220500D3662D /* ProfileVC.swift */,
			);
			path = Controller;
			sourceTree = "<group>";
		};
		075F3B682942557F0085E004 /* View */ = {
			isa = PBXGroup;
			children = (
				0719635229476C3C00A9E439 /* ProfileTVC.swift */,
				0719635329476C3C00A9E439 /* ProfileTVC.xib */,
			);
			path = View;
			sourceTree = "<group>";
		};
		075F3B69294255890085E004 /* Model */ = {
			isa = PBXGroup;
			children = (
			);
			path = Model;
			sourceTree = "<group>";
		};
		076296F2293E09E600316445 /* SelectClass */ = {
			isa = PBXGroup;
			children = (
				075D9662293CB220007DAC82 /* Constant */,
				076296FA293E0D2F00316445 /* Controller */,
				076296F9293E0D1700316445 /* View */,
				076296F8293E0D0C00316445 /* Model */,
				076296F3293E0A0600316445 /* SelectClass.storyboard */,
			);
			path = SelectClass;
			sourceTree = "<group>";
		};
		076296F8293E0D0C00316445 /* Model */ = {
			isa = PBXGroup;
			children = (
				075C83E6293EFCE3008EE45D /* UpdateExamModel.swift */,
			);
			path = Model;
			sourceTree = "<group>";
		};
		076296F9293E0D1700316445 /* View */ = {
			isa = PBXGroup;
			children = (
				07629703293E0DB100316445 /* SelectClassTVC.swift */,
				07629704293E0DB100316445 /* SelectClassTVC.xib */,
			);
			path = View;
			sourceTree = "<group>";
		};
		076296FA293E0D2F00316445 /* Controller */ = {
			isa = PBXGroup;
			children = (
				076296FB293E0D5100316445 /* SelectClassVC.swift */,
				0769093C293FA34900B1E0C1 /* GradientView.swift */,
			);
			path = Controller;
			sourceTree = "<group>";
		};
		076A89C4292E60A10079B2B2 = {
			isa = PBXGroup;
			children = (
				076A89CF292E60A10079B2B2 /* Mansarovar */,
				076A89E6292E60A30079B2B2 /* MansarovarTests */,
				076A89F1292E60A30079B2B2 /* MansarovarUITests */,
				076A89CE292E60A10079B2B2 /* Products */,
				C58E6949E47BBED8751611AA /* Pods */,
				09439EB7D566BFCB497FFB0A /* Frameworks */,
			);
			sourceTree = "<group>";
		};
		076A89CE292E60A10079B2B2 /* Products */ = {
			isa = PBXGroup;
			children = (
				076A89CD292E60A10079B2B2 /* Mansarovar.app */,
				076A89E3292E60A30079B2B2 /* MansarovarTests.xctest */,
				076A89EE292E60A30079B2B2 /* MansarovarUITests.xctest */,
			);
			name = Products;
			sourceTree = "<group>";
		};
		076A89CF292E60A10079B2B2 /* Mansarovar */ = {
			isa = PBXGroup;
			children = (
				075D001D294848E7002971FE /* Network */,
				07B74E28294461BC00AC82AB /* Educator */,
				075F3B3C294240480085E004 /* Contact & Profile */,
				075F3B1E294217640085E004 /* MyCourses */,
				076296E8293E019F00316445 /* SupportingFiles */,
				076296F2293E09E600316445 /* SelectClass */,
				075B786F293B8D9600A94C82 /* Dashboard */,
				075BAB012939DC6500E698AB /* Helper */,
				075BAAD72939AF5000E698AB /* Login and SignUp */,
				076A89D0292E60A10079B2B2 /* AppDelegate.swift */,
				076A89D2292E60A10079B2B2 /* SceneDelegate.swift */,
				076A89D4292E60A10079B2B2 /* ViewController.swift */,
				076A89D9292E60A30079B2B2 /* Assets.xcassets */,
				076A89DB292E60A30079B2B2 /* LaunchScreen.storyboard */,
				075BAAE02939B7BE00E698AB /* Font */,
				076A89DE292E60A30079B2B2 /* Info.plist */,
			);
			path = Mansarovar;
			sourceTree = "<group>";
		};
		076A89E6292E60A30079B2B2 /* MansarovarTests */ = {
			isa = PBXGroup;
			children = (
				076A89E7292E60A30079B2B2 /* MansarovarTests.swift */,
				076A89E9292E60A30079B2B2 /* Info.plist */,
			);
			path = MansarovarTests;
			sourceTree = "<group>";
		};
		076A89F1292E60A30079B2B2 /* MansarovarUITests */ = {
			isa = PBXGroup;
			children = (
				076A89F2292E60A30079B2B2 /* MansarovarUITests.swift */,
				076A89F4292E60A30079B2B2 /* Info.plist */,
			);
			path = MansarovarUITests;
			sourceTree = "<group>";
		};
		07B74E28294461BC00AC82AB /* Educator */ = {
			isa = PBXGroup;
			children = (
				07B74E302944624300AC82AB /* Model */,
				07B74E2F2944623900AC82AB /* View */,
				07B74E2E2944622B00AC82AB /* Controller */,
				07B74E292944621200AC82AB /* Educator.storyboard */,
			);
			path = Educator;
			sourceTree = "<group>";
		};
		07B74E2E2944622B00AC82AB /* Controller */ = {
			isa = PBXGroup;
			children = (
				07B74E312944629300AC82AB /* EducatorVC.swift */,
			);
			path = Controller;
			sourceTree = "<group>";
		};
		07B74E2F2944623900AC82AB /* View */ = {
			isa = PBXGroup;
			children = (
				07B74E3E2944630000AC82AB /* EducatorListCell.swift */,
				07B74E3F2944630000AC82AB /* EducatorListCell.xib */,
			);
			path = View;
			sourceTree = "<group>";
		};
		07B74E302944624300AC82AB /* Model */ = {
			isa = PBXGroup;
			children = (
				0719634829475DE200A9E439 /* EducatorBaseModel.swift */,
				0719634D29475F0B00A9E439 /* EducatorModel.swift */,
			);
			path = Model;
			sourceTree = "<group>";
		};
		07B74E6F2944B4B600AC82AB /* Notification */ = {
			isa = PBXGroup;
			children = (
				07B74E702944B4D900AC82AB /* NotificationBaseModel.swift */,
				07B74E782944B51B00AC82AB /* NotificationsModel.swift */,
			);
			path = Notification;
			sourceTree = "<group>";
		};
		07BED50629434C4E00D3662D /* CourseDetailsModel */ = {
			isa = PBXGroup;
			children = (
				07BED50729434C9200D3662D /* CourseBaseModel.swift */,
				07BED50C29434DFB00D3662D /* Course.swift */,
				07BED517294350ED00D3662D /* Videos.swift */,
				07BED5242943526900D3662D /* Ebooks.swift */,
			);
			path = CourseDetailsModel;
			sourceTree = "<group>";
		};
		09439EB7D566BFCB497FFB0A /* Frameworks */ = {
			isa = PBXGroup;
			children = (
				C46E4DDE195DC85F611F4622 /* Pods_Mansarovar.framework */,
				C0D8015ADFC0FF551059FB90 /* Pods_Mansarovar_MansarovarUITests.framework */,
				F58C790574E7E1440FFA5097 /* Pods_MansarovarTests.framework */,
			);
			name = Frameworks;
			sourceTree = "<group>";
		};
		C58E6949E47BBED8751611AA /* Pods */ = {
			isa = PBXGroup;
			children = (
				74383316358AA6C4C2677E34 /* Pods-Mansarovar.debug.xcconfig */,
				1B8BA5AAFCBB1D1E3F8D5108 /* Pods-Mansarovar.release.xcconfig */,
				24541873DE8A9DA1226C103D /* Pods-Mansarovar-MansarovarUITests.debug.xcconfig */,
				8A9A5A6D56CEAB75FF9DCC8F /* Pods-Mansarovar-MansarovarUITests.release.xcconfig */,
				BEF1DC44DD4834F1B8E72E39 /* Pods-MansarovarTests.debug.xcconfig */,
				29B60F6EE4A9CA47F53F2307 /* Pods-MansarovarTests.release.xcconfig */,
			);
			path = Pods;
			sourceTree = "<group>";
		};
/* End PBXGroup section */

/* Begin PBXNativeTarget section */
		076A89CC292E60A10079B2B2 /* Mansarovar */ = {
			isa = PBXNativeTarget;
			buildConfigurationList = 076A89F7292E60A30079B2B2 /* Build configuration list for PBXNativeTarget "Mansarovar" */;
			buildPhases = (
				162BCFEA20E30D60EBAE3989 /* [CP] Check Pods Manifest.lock */,
				076A89C9292E60A10079B2B2 /* Sources */,
				076A89CA292E60A10079B2B2 /* Frameworks */,
				076A89CB292E60A10079B2B2 /* Resources */,
				D49F10D0A0346CBA00484637 /* [CP] Embed Pods Frameworks */,
			);
			buildRules = (
			);
			dependencies = (
			);
			name = Mansarovar;
			productName = Mansarovar;
			productReference = 076A89CD292E60A10079B2B2 /* Mansarovar.app */;
			productType = "com.apple.product-type.application";
		};
		076A89E2292E60A30079B2B2 /* MansarovarTests */ = {
			isa = PBXNativeTarget;
			buildConfigurationList = 076A89FA292E60A30079B2B2 /* Build configuration list for PBXNativeTarget "MansarovarTests" */;
			buildPhases = (
				ED832270D4CEE8E5F4980DFF /* [CP] Check Pods Manifest.lock */,
				076A89DF292E60A30079B2B2 /* Sources */,
				076A89E0292E60A30079B2B2 /* Frameworks */,
				076A89E1292E60A30079B2B2 /* Resources */,
			);
			buildRules = (
			);
			dependencies = (
				076A89E5292E60A30079B2B2 /* PBXTargetDependency */,
			);
			name = MansarovarTests;
			productName = MansarovarTests;
			productReference = 076A89E3292E60A30079B2B2 /* MansarovarTests.xctest */;
			productType = "com.apple.product-type.bundle.unit-test";
		};
		076A89ED292E60A30079B2B2 /* MansarovarUITests */ = {
			isa = PBXNativeTarget;
			buildConfigurationList = 076A89FD292E60A30079B2B2 /* Build configuration list for PBXNativeTarget "MansarovarUITests" */;
			buildPhases = (
				6236443F714AA201840E45BF /* [CP] Check Pods Manifest.lock */,
				076A89EA292E60A30079B2B2 /* Sources */,
				076A89EB292E60A30079B2B2 /* Frameworks */,
				076A89EC292E60A30079B2B2 /* Resources */,
				7DF22264E28B7F6F10296554 /* [CP] Embed Pods Frameworks */,
			);
			buildRules = (
			);
			dependencies = (
				076A89F0292E60A30079B2B2 /* PBXTargetDependency */,
			);
			name = MansarovarUITests;
			productName = MansarovarUITests;
			productReference = 076A89EE292E60A30079B2B2 /* MansarovarUITests.xctest */;
			productType = "com.apple.product-type.bundle.ui-testing";
		};
/* End PBXNativeTarget section */

/* Begin PBXProject section */
		076A89C5292E60A10079B2B2 /* Project object */ = {
			isa = PBXProject;
			attributes = {
				LastSwiftUpdateCheck = 1240;
				LastUpgradeCheck = 1240;
				TargetAttributes = {
					076A89CC292E60A10079B2B2 = {
						CreatedOnToolsVersion = 12.4;
						LastSwiftMigration = 1240;
					};
					076A89E2292E60A30079B2B2 = {
						CreatedOnToolsVersion = 12.4;
						TestTargetID = 076A89CC292E60A10079B2B2;
					};
					076A89ED292E60A30079B2B2 = {
						CreatedOnToolsVersion = 12.4;
						TestTargetID = 076A89CC292E60A10079B2B2;
					};
				};
			};
			buildConfigurationList = 076A89C8292E60A10079B2B2 /* Build configuration list for PBXProject "Mansarovar" */;
			compatibilityVersion = "Xcode 9.3";
			developmentRegion = en;
			hasScannedForEncodings = 0;
			knownRegions = (
				en,
				Base,
			);
			mainGroup = 076A89C4292E60A10079B2B2;
			productRefGroup = 076A89CE292E60A10079B2B2 /* Products */;
			projectDirPath = "";
			projectRoot = "";
			targets = (
				076A89CC292E60A10079B2B2 /* Mansarovar */,
				076A89E2292E60A30079B2B2 /* MansarovarTests */,
				076A89ED292E60A30079B2B2 /* MansarovarUITests */,
			);
		};
/* End PBXProject section */

/* Begin PBXResourcesBuildPhase section */
		076A89CB292E60A10079B2B2 /* Resources */ = {
			isa = PBXResourcesBuildPhase;
			buildActionMask = 2147483647;
			files = (
				075BAAF12939B8FF00E698AB /* Roboto-Thin.ttf in Resources */,
				075B7871293B8DC100A94C82 /* Dashboard.storyboard in Resources */,
				075F3B3E2942406C0085E004 /* Contact & Profile.storyboard in Resources */,
				075D2838293DBF99007D4A46 /* SliderImagesCell.xib in Resources */,
				076A8A07292E60BB0079B2B2 /* Main.storyboard in Resources */,
				075BAAF52939B8FF00E698AB /* Roboto-Light.ttf in Resources */,
				075BAAF32939B8FF00E698AB /* Roboto-LightItalic.ttf in Resources */,
				075A235B2940E6A400721723 /* TopicTVC.xib in Resources */,
				076296E9293E019F00316445 /* SupportingFiles in Resources */,
				075BAAF62939B8FF00E698AB /* Roboto-BoldItalic.ttf in Resources */,
				076A89DD292E60A30079B2B2 /* LaunchScreen.storyboard in Resources */,
				075BAAEE2939B8FF00E698AB /* Roboto-BlackItalic.ttf in Resources */,
				07B74E6B294498CD00AC82AB /* NotificationCell.xib in Resources */,
				0719635529476C3C00A9E439 /* ProfileTVC.xib in Resources */,
				07BED4FB29432A2000D3662D /* PlanTestTVC.xib in Resources */,
				075BAAF82939B8FF00E698AB /* Roboto-Italic.ttf in Resources */,
				076296F4293E0A0600316445 /* SelectClass.storyboard in Resources */,
				075BAAED2939B8FF00E698AB /* Roboto-Bold.ttf in Resources */,
				075F3AD929419CCC0085E004 /* TopicDetailsTVC.xib in Resources */,
				07629706293E0DB100316445 /* SelectClassTVC.xib in Resources */,
				075BAAF72939B8FF00E698AB /* Roboto-Regular.ttf in Resources */,
				07B74E412944630000AC82AB /* EducatorListCell.xib in Resources */,
				075BAAF02939B8FF00E698AB /* Roboto-MediumItalic.ttf in Resources */,
				075BAAF22939B8FF00E698AB /* Roboto-ThinItalic.ttf in Resources */,
				07B74E2A2944621200AC82AB /* Educator.storyboard in Resources */,
				07BED50229432A3C00D3662D /* PlanEbookTVC.xib in Resources */,
				0759A40B2944E596002A9986 /* ShowVideoTVC.xib in Resources */,
				075BAAF42939B8FF00E698AB /* Roboto-Medium.ttf in Resources */,
				07BED4EE2943270900D3662D /* PlanVedioTVC.xib in Resources */,
				075F3B20294217900085E004 /* MyCourse.storyboard in Resources */,
				07690932293F7A5D00B1E0C1 /* DeshboardCell.xib in Resources */,
				076A89DA292E60A30079B2B2 /* Assets.xcassets in Resources */,
				075845D6293B093C005565F7 /* TestSeriesCell.xib in Resources */,
				075BAAEF2939B8FF00E698AB /* Roboto-Black.ttf in Resources */,
			);
			runOnlyForDeploymentPostprocessing = 0;
		};
		076A89E1292E60A30079B2B2 /* Resources */ = {
			isa = PBXResourcesBuildPhase;
			buildActionMask = 2147483647;
			files = (
			);
			runOnlyForDeploymentPostprocessing = 0;
		};
		076A89EC292E60A30079B2B2 /* Resources */ = {
			isa = PBXResourcesBuildPhase;
			buildActionMask = 2147483647;
			files = (
			);
			runOnlyForDeploymentPostprocessing = 0;
		};
/* End PBXResourcesBuildPhase section */

/* Begin PBXShellScriptBuildPhase section */
		162BCFEA20E30D60EBAE3989 /* [CP] Check Pods Manifest.lock */ = {
			isa = PBXShellScriptBuildPhase;
			buildActionMask = 2147483647;
			files = (
			);
			inputFileListPaths = (
			);
			inputPaths = (
				"${PODS_PODFILE_DIR_PATH}/Podfile.lock",
				"${PODS_ROOT}/Manifest.lock",
			);
			name = "[CP] Check Pods Manifest.lock";
			outputFileListPaths = (
			);
			outputPaths = (
				"$(DERIVED_FILE_DIR)/Pods-Mansarovar-checkManifestLockResult.txt",
			);
			runOnlyForDeploymentPostprocessing = 0;
			shellPath = /bin/sh;
			shellScript = "diff \"${PODS_PODFILE_DIR_PATH}/Podfile.lock\" \"${PODS_ROOT}/Manifest.lock\" > /dev/null\nif [ $? != 0 ] ; then\n    # print error to STDERR\n    echo \"error: The sandbox is not in sync with the Podfile.lock. Run 'pod install' or update your CocoaPods installation.\" >&2\n    exit 1\nfi\n# This output is used by Xcode 'outputs' to avoid re-running this script phase.\necho \"SUCCESS\" > \"${SCRIPT_OUTPUT_FILE_0}\"\n";
			showEnvVarsInLog = 0;
		};
		6236443F714AA201840E45BF /* [CP] Check Pods Manifest.lock */ = {
			isa = PBXShellScriptBuildPhase;
			buildActionMask = 2147483647;
			files = (
			);
			inputFileListPaths = (
			);
			inputPaths = (
				"${PODS_PODFILE_DIR_PATH}/Podfile.lock",
				"${PODS_ROOT}/Manifest.lock",
			);
			name = "[CP] Check Pods Manifest.lock";
			outputFileListPaths = (
			);
			outputPaths = (
				"$(DERIVED_FILE_DIR)/Pods-Mansarovar-MansarovarUITests-checkManifestLockResult.txt",
			);
			runOnlyForDeploymentPostprocessing = 0;
			shellPath = /bin/sh;
			shellScript = "diff \"${PODS_PODFILE_DIR_PATH}/Podfile.lock\" \"${PODS_ROOT}/Manifest.lock\" > /dev/null\nif [ $? != 0 ] ; then\n    # print error to STDERR\n    echo \"error: The sandbox is not in sync with the Podfile.lock. Run 'pod install' or update your CocoaPods installation.\" >&2\n    exit 1\nfi\n# This output is used by Xcode 'outputs' to avoid re-running this script phase.\necho \"SUCCESS\" > \"${SCRIPT_OUTPUT_FILE_0}\"\n";
			showEnvVarsInLog = 0;
		};
		7DF22264E28B7F6F10296554 /* [CP] Embed Pods Frameworks */ = {
			isa = PBXShellScriptBuildPhase;
			buildActionMask = 2147483647;
			files = (
			);
			inputFileListPaths = (
				"${PODS_ROOT}/Target Support Files/Pods-Mansarovar-MansarovarUITests/Pods-Mansarovar-MansarovarUITests-frameworks-${CONFIGURATION}-input-files.xcfilelist",
			);
			name = "[CP] Embed Pods Frameworks";
			outputFileListPaths = (
				"${PODS_ROOT}/Target Support Files/Pods-Mansarovar-MansarovarUITests/Pods-Mansarovar-MansarovarUITests-frameworks-${CONFIGURATION}-output-files.xcfilelist",
			);
			runOnlyForDeploymentPostprocessing = 0;
			shellPath = /bin/sh;
			shellScript = "\"${PODS_ROOT}/Target Support Files/Pods-Mansarovar-MansarovarUITests/Pods-Mansarovar-MansarovarUITests-frameworks.sh\"\n";
			showEnvVarsInLog = 0;
		};
		D49F10D0A0346CBA00484637 /* [CP] Embed Pods Frameworks */ = {
			isa = PBXShellScriptBuildPhase;
			buildActionMask = 2147483647;
			files = (
			);
			inputFileListPaths = (
				"${PODS_ROOT}/Target Support Files/Pods-Mansarovar/Pods-Mansarovar-frameworks-${CONFIGURATION}-input-files.xcfilelist",
			);
			name = "[CP] Embed Pods Frameworks";
			outputFileListPaths = (
				"${PODS_ROOT}/Target Support Files/Pods-Mansarovar/Pods-Mansarovar-frameworks-${CONFIGURATION}-output-files.xcfilelist",
			);
			runOnlyForDeploymentPostprocessing = 0;
			shellPath = /bin/sh;
			shellScript = "\"${PODS_ROOT}/Target Support Files/Pods-Mansarovar/Pods-Mansarovar-frameworks.sh\"\n";
			showEnvVarsInLog = 0;
		};
		ED832270D4CEE8E5F4980DFF /* [CP] Check Pods Manifest.lock */ = {
			isa = PBXShellScriptBuildPhase;
			buildActionMask = 2147483647;
			files = (
			);
			inputFileListPaths = (
			);
			inputPaths = (
				"${PODS_PODFILE_DIR_PATH}/Podfile.lock",
				"${PODS_ROOT}/Manifest.lock",
			);
			name = "[CP] Check Pods Manifest.lock";
			outputFileListPaths = (
			);
			outputPaths = (
				"$(DERIVED_FILE_DIR)/Pods-MansarovarTests-checkManifestLockResult.txt",
			);
			runOnlyForDeploymentPostprocessing = 0;
			shellPath = /bin/sh;
			shellScript = "diff \"${PODS_PODFILE_DIR_PATH}/Podfile.lock\" \"${PODS_ROOT}/Manifest.lock\" > /dev/null\nif [ $? != 0 ] ; then\n    # print error to STDERR\n    echo \"error: The sandbox is not in sync with the Podfile.lock. Run 'pod install' or update your CocoaPods installation.\" >&2\n    exit 1\nfi\n# This output is used by Xcode 'outputs' to avoid re-running this script phase.\necho \"SUCCESS\" > \"${SCRIPT_OUTPUT_FILE_0}\"\n";
			showEnvVarsInLog = 0;
		};
/* End PBXShellScriptBuildPhase section */

/* Begin PBXSourcesBuildPhase section */
		076A89C9292E60A10079B2B2 /* Sources */ = {
			isa = PBXSourcesBuildPhase;
			buildActionMask = 2147483647;
			files = (
				0762970B293E12EB00316445 /* ExamModel.swift in Sources */,
				076296FC293E0D5100316445 /* SelectClassVC.swift in Sources */,
				075F3AD829419CCC0085E004 /* TopicDetailsTVC.swift in Sources */,
				07690931293F7A5D00B1E0C1 /* DeshboardCell.swift in Sources */,
				07B74E6A294498CD00AC82AB /* NotificationCell.swift in Sources */,
				0759A3F72944E2C0002A9986 /* CommentsModel.swift in Sources */,
				075845DB293B166F005565F7 /* AllTestSeriesModel.swift in Sources */,
				075A23ED294142BA00721723 /* Topic.swift in Sources */,
				075F3ACF29419A810085E004 /* TopicDetailListVC.swift in Sources */,
				07690938293F7FB500B1E0C1 /* DeshboardModel.swift in Sources */,
				075F3B152941D8E10085E004 /* UserModel.swift in Sources */,
				076A8A0C292E6C5E0079B2B2 /* LoginVC.swift in Sources */,
				07BED5252943526900D3662D /* Ebooks.swift in Sources */,
				075A23692940FB7800721723 /* CourseModel.swift in Sources */,
				075D9664293CB242007DAC82 /* Constant.swift in Sources */,
				07BED50829434C9200D3662D /* CourseBaseModel.swift in Sources */,
				075BAAFD2939D71700E698AB /* ForgotPasswordVC.swift in Sources */,
				075A23612940F6D200721723 /* TopicCourseModel.swift in Sources */,
				076A89D5292E60A10079B2B2 /* ViewController.swift in Sources */,
				07629705293E0DB100316445 /* SelectClassTVC.swift in Sources */,
				0769093D293FA34900B1E0C1 /* GradientView.swift in Sources */,
				07BED50D29434DFB00D3662D /* Course.swift in Sources */,
				075F3B6E294255BF0085E004 /* ContactUsVC.swift in Sources */,
				075D2837293DBF99007D4A46 /* SliderImagesCell.swift in Sources */,
				07B74E61294492CB00AC82AB /* NotificationVC.swift in Sources */,
				075845CF293B08F6005565F7 /* TestSeriesVC.swift in Sources */,
				07B74E712944B4D900AC82AB /* NotificationBaseModel.swift in Sources */,
				07BED518294350ED00D3662D /* Videos.swift in Sources */,
				07BED4DF2943220500D3662D /* ProfileVC.swift in Sources */,
				075B7884293BAEE600A94C82 /* RegisterModer.swift in Sources */,
				0719634E29475F0B00A9E439 /* EducatorModel.swift in Sources */,
				076A8A1D292E83190079B2B2 /* LoginSuccessViewController.swift in Sources */,
				07B74E792944B51B00AC82AB /* NotificationsModel.swift in Sources */,
				075ADE1E2944C1C8009C5C5B /* ShowVideoVC.swift in Sources */,
				076A89D1292E60A10079B2B2 /* AppDelegate.swift in Sources */,
				07B74E322944629300AC82AB /* EducatorVC.swift in Sources */,
				075D96A0293CCE5A007DAC82 /* ForgotPasswordModel.swift in Sources */,
				075C83D1293EECED008EE45D /* SubjectsModel.swift in Sources */,
				07B74E402944630000AC82AB /* EducatorListCell.swift in Sources */,
				075BAB032939DCA900E698AB /* Extension.swift in Sources */,
				075B787C293B924B00A94C82 /* DeshboardVC.swift in Sources */,
				07BED4FA29432A2000D3662D /* PlanTestTVC.swift in Sources */,
				07BED50129432A3C00D3662D /* PlanEbookTVC.swift in Sources */,
				075A23542940E1DF00721723 /* TopicListVC.swift in Sources */,
				075A235A2940E6A400721723 /* TopicTVC.swift in Sources */,
				0719635429476C3C00A9E439 /* ProfileTVC.swift in Sources */,
				075F3B38294237790085E004 /* TabBarVC.swift in Sources */,
				075C83E7293EFCE3008EE45D /* UpdateExamModel.swift in Sources */,
				075BAADC2939AFF000E698AB /* SignUpVC.swift in Sources */,
				0719634929475DE200A9E439 /* EducatorBaseModel.swift in Sources */,
				075A23F5294146B600721723 /* TopicModel.swift in Sources */,
				075DDC96293A2106003442FE /* LogIn.swift in Sources */,
				07BED4ED2943270900D3662D /* PlanVedioTVC.swift in Sources */,
				075F3B2829422EFB0085E004 /* MyCourseVC.swift in Sources */,
				075F3B1A2941DF4F0085E004 /* UserDefault.swift in Sources */,
				07BED4E42943267D00D3662D /* PlanDetailVC.swift in Sources */,
				076A89D3292E60A10079B2B2 /* SceneDelegate.swift in Sources */,
				0759A40A2944E596002A9986 /* ShowVideoTVC.swift in Sources */,
				075845D5293B093C005565F7 /* TestSeriesCell.swift in Sources */,
				075D2845293DED65007D4A46 /* LeftMenu.swift in Sources */,
				075D001F29484905002971FE /* ApiManager.swift in Sources */,
			);
			runOnlyForDeploymentPostprocessing = 0;
		};
		076A89DF292E60A30079B2B2 /* Sources */ = {
			isa = PBXSourcesBuildPhase;
			buildActionMask = 2147483647;
			files = (
				076A89E8292E60A30079B2B2 /* MansarovarTests.swift in Sources */,
			);
			runOnlyForDeploymentPostprocessing = 0;
		};
		076A89EA292E60A30079B2B2 /* Sources */ = {
			isa = PBXSourcesBuildPhase;
			buildActionMask = 2147483647;
			files = (
				076A89F3292E60A30079B2B2 /* MansarovarUITests.swift in Sources */,
			);
			runOnlyForDeploymentPostprocessing = 0;
		};
/* End PBXSourcesBuildPhase section */

/* Begin PBXTargetDependency section */
		076A89E5292E60A30079B2B2 /* PBXTargetDependency */ = {
			isa = PBXTargetDependency;
			target = 076A89CC292E60A10079B2B2 /* Mansarovar */;
			targetProxy = 076A89E4292E60A30079B2B2 /* PBXContainerItemProxy */;
		};
		076A89F0292E60A30079B2B2 /* PBXTargetDependency */ = {
			isa = PBXTargetDependency;
			target = 076A89CC292E60A10079B2B2 /* Mansarovar */;
			targetProxy = 076A89EF292E60A30079B2B2 /* PBXContainerItemProxy */;
		};
/* End PBXTargetDependency section */

/* Begin PBXVariantGroup section */
		076A89DB292E60A30079B2B2 /* LaunchScreen.storyboard */ = {
			isa = PBXVariantGroup;
			children = (
				076A89DC292E60A30079B2B2 /* Base */,
			);
			name = LaunchScreen.storyboard;
			sourceTree = "<group>";
		};
/* End PBXVariantGroup section */

/* Begin XCBuildConfiguration section */
		076A89F5292E60A30079B2B2 /* Debug */ = {
			isa = XCBuildConfiguration;
			buildSettings = {
				ALWAYS_SEARCH_USER_PATHS = NO;
				CLANG_ANALYZER_NONNULL = YES;
				CLANG_ANALYZER_NUMBER_OBJECT_CONVERSION = YES_AGGRESSIVE;
				CLANG_CXX_LANGUAGE_STANDARD = "gnu++14";
				CLANG_CXX_LIBRARY = "libc++";
				CLANG_ENABLE_MODULES = YES;
				CLANG_ENABLE_OBJC_ARC = YES;
				CLANG_ENABLE_OBJC_WEAK = YES;
				CLANG_WARN_BLOCK_CAPTURE_AUTORELEASING = YES;
				CLANG_WARN_BOOL_CONVERSION = YES;
				CLANG_WARN_COMMA = YES;
				CLANG_WARN_CONSTANT_CONVERSION = YES;
				CLANG_WARN_DEPRECATED_OBJC_IMPLEMENTATIONS = YES;
				CLANG_WARN_DIRECT_OBJC_ISA_USAGE = YES_ERROR;
				CLANG_WARN_DOCUMENTATION_COMMENTS = YES;
				CLANG_WARN_EMPTY_BODY = YES;
				CLANG_WARN_ENUM_CONVERSION = YES;
				CLANG_WARN_INFINITE_RECURSION = YES;
				CLANG_WARN_INT_CONVERSION = YES;
				CLANG_WARN_NON_LITERAL_NULL_CONVERSION = YES;
				CLANG_WARN_OBJC_IMPLICIT_RETAIN_SELF = YES;
				CLANG_WARN_OBJC_LITERAL_CONVERSION = YES;
				CLANG_WARN_OBJC_ROOT_CLASS = YES_ERROR;
				CLANG_WARN_QUOTED_INCLUDE_IN_FRAMEWORK_HEADER = YES;
				CLANG_WARN_RANGE_LOOP_ANALYSIS = YES;
				CLANG_WARN_STRICT_PROTOTYPES = YES;
				CLANG_WARN_SUSPICIOUS_MOVE = YES;
				CLANG_WARN_UNGUARDED_AVAILABILITY = YES_AGGRESSIVE;
				CLANG_WARN_UNREACHABLE_CODE = YES;
				CLANG_WARN__DUPLICATE_METHOD_MATCH = YES;
				COPY_PHASE_STRIP = NO;
				DEBUG_INFORMATION_FORMAT = dwarf;
				ENABLE_STRICT_OBJC_MSGSEND = YES;
				ENABLE_TESTABILITY = YES;
				GCC_C_LANGUAGE_STANDARD = gnu11;
				GCC_DYNAMIC_NO_PIC = NO;
				GCC_NO_COMMON_BLOCKS = YES;
				GCC_OPTIMIZATION_LEVEL = 0;
				GCC_PREPROCESSOR_DEFINITIONS = (
					"DEBUG=1",
					"$(inherited)",
				);
				GCC_WARN_64_TO_32_BIT_CONVERSION = YES;
				GCC_WARN_ABOUT_RETURN_TYPE = YES_ERROR;
				GCC_WARN_UNDECLARED_SELECTOR = YES;
				GCC_WARN_UNINITIALIZED_AUTOS = YES_AGGRESSIVE;
				GCC_WARN_UNUSED_FUNCTION = YES;
				GCC_WARN_UNUSED_VARIABLE = YES;
				IPHONEOS_DEPLOYMENT_TARGET = 14.4;
				MTL_ENABLE_DEBUG_INFO = INCLUDE_SOURCE;
				MTL_FAST_MATH = YES;
				ONLY_ACTIVE_ARCH = YES;
				SDKROOT = iphoneos;
				SWIFT_ACTIVE_COMPILATION_CONDITIONS = DEBUG;
				SWIFT_OPTIMIZATION_LEVEL = "-Onone";
			};
			name = Debug;
		};
		076A89F6292E60A30079B2B2 /* Release */ = {
			isa = XCBuildConfiguration;
			buildSettings = {
				ALWAYS_SEARCH_USER_PATHS = NO;
				CLANG_ANALYZER_NONNULL = YES;
				CLANG_ANALYZER_NUMBER_OBJECT_CONVERSION = YES_AGGRESSIVE;
				CLANG_CXX_LANGUAGE_STANDARD = "gnu++14";
				CLANG_CXX_LIBRARY = "libc++";
				CLANG_ENABLE_MODULES = YES;
				CLANG_ENABLE_OBJC_ARC = YES;
				CLANG_ENABLE_OBJC_WEAK = YES;
				CLANG_WARN_BLOCK_CAPTURE_AUTORELEASING = YES;
				CLANG_WARN_BOOL_CONVERSION = YES;
				CLANG_WARN_COMMA = YES;
				CLANG_WARN_CONSTANT_CONVERSION = YES;
				CLANG_WARN_DEPRECATED_OBJC_IMPLEMENTATIONS = YES;
				CLANG_WARN_DIRECT_OBJC_ISA_USAGE = YES_ERROR;
				CLANG_WARN_DOCUMENTATION_COMMENTS = YES;
				CLANG_WARN_EMPTY_BODY = YES;
				CLANG_WARN_ENUM_CONVERSION = YES;
				CLANG_WARN_INFINITE_RECURSION = YES;
				CLANG_WARN_INT_CONVERSION = YES;
				CLANG_WARN_NON_LITERAL_NULL_CONVERSION = YES;
				CLANG_WARN_OBJC_IMPLICIT_RETAIN_SELF = YES;
				CLANG_WARN_OBJC_LITERAL_CONVERSION = YES;
				CLANG_WARN_OBJC_ROOT_CLASS = YES_ERROR;
				CLANG_WARN_QUOTED_INCLUDE_IN_FRAMEWORK_HEADER = YES;
				CLANG_WARN_RANGE_LOOP_ANALYSIS = YES;
				CLANG_WARN_STRICT_PROTOTYPES = YES;
				CLANG_WARN_SUSPICIOUS_MOVE = YES;
				CLANG_WARN_UNGUARDED_AVAILABILITY = YES_AGGRESSIVE;
				CLANG_WARN_UNREACHABLE_CODE = YES;
				CLANG_WARN__DUPLICATE_METHOD_MATCH = YES;
				COPY_PHASE_STRIP = NO;
				DEBUG_INFORMATION_FORMAT = "dwarf-with-dsym";
				ENABLE_NS_ASSERTIONS = NO;
				ENABLE_STRICT_OBJC_MSGSEND = YES;
				GCC_C_LANGUAGE_STANDARD = gnu11;
				GCC_NO_COMMON_BLOCKS = YES;
				GCC_WARN_64_TO_32_BIT_CONVERSION = YES;
				GCC_WARN_ABOUT_RETURN_TYPE = YES_ERROR;
				GCC_WARN_UNDECLARED_SELECTOR = YES;
				GCC_WARN_UNINITIALIZED_AUTOS = YES_AGGRESSIVE;
				GCC_WARN_UNUSED_FUNCTION = YES;
				GCC_WARN_UNUSED_VARIABLE = YES;
				IPHONEOS_DEPLOYMENT_TARGET = 14.4;
				MTL_ENABLE_DEBUG_INFO = NO;
				MTL_FAST_MATH = YES;
				SDKROOT = iphoneos;
				SWIFT_COMPILATION_MODE = wholemodule;
				SWIFT_OPTIMIZATION_LEVEL = "-O";
				VALIDATE_PRODUCT = YES;
			};
			name = Release;
		};
		076A89F8292E60A30079B2B2 /* Debug */ = {
			isa = XCBuildConfiguration;
			baseConfigurationReference = 74383316358AA6C4C2677E34 /* Pods-Mansarovar.debug.xcconfig */;
			buildSettings = {
				ASSETCATALOG_COMPILER_APPICON_NAME = AppIcon;
				ASSETCATALOG_COMPILER_GLOBAL_ACCENT_COLOR_NAME = AccentColor;
				CLANG_ENABLE_MODULES = YES;
				CODE_SIGN_STYLE = Automatic;
				DEVELOPMENT_TEAM = SAT68F6L25;
				INFOPLIST_FILE = Mansarovar/Info.plist;
				LD_RUNPATH_SEARCH_PATHS = (
					"$(inherited)",
					"@executable_path/Frameworks",
				);
				PRODUCT_BUNDLE_IDENTIFIER = com.Saga.DemoMapBox.Mansarovar;
				PRODUCT_NAME = "$(TARGET_NAME)";
				SWIFT_OBJC_BRIDGING_HEADER = "Mansarovar/SupportingFiles/Mansarovar-Bridging-Header.h";
				SWIFT_OPTIMIZATION_LEVEL = "-Onone";
				SWIFT_VERSION = 5.0;
				TARGETED_DEVICE_FAMILY = "1,2";
			};
			name = Debug;
		};
		076A89F9292E60A30079B2B2 /* Release */ = {
			isa = XCBuildConfiguration;
			baseConfigurationReference = 1B8BA5AAFCBB1D1E3F8D5108 /* Pods-Mansarovar.release.xcconfig */;
			buildSettings = {
				ASSETCATALOG_COMPILER_APPICON_NAME = AppIcon;
				ASSETCATALOG_COMPILER_GLOBAL_ACCENT_COLOR_NAME = AccentColor;
				CLANG_ENABLE_MODULES = YES;
				CODE_SIGN_STYLE = Automatic;
				DEVELOPMENT_TEAM = SAT68F6L25;
				INFOPLIST_FILE = Mansarovar/Info.plist;
				LD_RUNPATH_SEARCH_PATHS = (
					"$(inherited)",
					"@executable_path/Frameworks",
				);
				PRODUCT_BUNDLE_IDENTIFIER = com.Saga.DemoMapBox.Mansarovar;
				PRODUCT_NAME = "$(TARGET_NAME)";
				SWIFT_OBJC_BRIDGING_HEADER = "Mansarovar/SupportingFiles/Mansarovar-Bridging-Header.h";
				SWIFT_VERSION = 5.0;
				TARGETED_DEVICE_FAMILY = "1,2";
			};
			name = Release;
		};
		076A89FB292E60A30079B2B2 /* Debug */ = {
			isa = XCBuildConfiguration;
			baseConfigurationReference = BEF1DC44DD4834F1B8E72E39 /* Pods-MansarovarTests.debug.xcconfig */;
			buildSettings = {
				ALWAYS_EMBED_SWIFT_STANDARD_LIBRARIES = YES;
				BUNDLE_LOADER = "$(TEST_HOST)";
				CODE_SIGN_STYLE = Automatic;
				DEVELOPMENT_TEAM = SAT68F6L25;
				INFOPLIST_FILE = MansarovarTests/Info.plist;
				IPHONEOS_DEPLOYMENT_TARGET = 14.4;
				LD_RUNPATH_SEARCH_PATHS = (
					"$(inherited)",
					"@executable_path/Frameworks",
					"@loader_path/Frameworks",
				);
				PRODUCT_BUNDLE_IDENTIFIER = com.Saga.DemoMapBox.MansarovarTests;
				PRODUCT_NAME = "$(TARGET_NAME)";
				SWIFT_VERSION = 5.0;
				TARGETED_DEVICE_FAMILY = "1,2";
				TEST_HOST = "$(BUILT_PRODUCTS_DIR)/Mansarovar.app/Mansarovar";
			};
			name = Debug;
		};
		076A89FC292E60A30079B2B2 /* Release */ = {
			isa = XCBuildConfiguration;
			baseConfigurationReference = 29B60F6EE4A9CA47F53F2307 /* Pods-MansarovarTests.release.xcconfig */;
			buildSettings = {
				ALWAYS_EMBED_SWIFT_STANDARD_LIBRARIES = YES;
				BUNDLE_LOADER = "$(TEST_HOST)";
				CODE_SIGN_STYLE = Automatic;
				DEVELOPMENT_TEAM = SAT68F6L25;
				INFOPLIST_FILE = MansarovarTests/Info.plist;
				IPHONEOS_DEPLOYMENT_TARGET = 14.4;
				LD_RUNPATH_SEARCH_PATHS = (
					"$(inherited)",
					"@executable_path/Frameworks",
					"@loader_path/Frameworks",
				);
				PRODUCT_BUNDLE_IDENTIFIER = com.Saga.DemoMapBox.MansarovarTests;
				PRODUCT_NAME = "$(TARGET_NAME)";
				SWIFT_VERSION = 5.0;
				TARGETED_DEVICE_FAMILY = "1,2";
				TEST_HOST = "$(BUILT_PRODUCTS_DIR)/Mansarovar.app/Mansarovar";
			};
			name = Release;
		};
		076A89FE292E60A30079B2B2 /* Debug */ = {
			isa = XCBuildConfiguration;
			baseConfigurationReference = 24541873DE8A9DA1226C103D /* Pods-Mansarovar-MansarovarUITests.debug.xcconfig */;
			buildSettings = {
				ALWAYS_EMBED_SWIFT_STANDARD_LIBRARIES = YES;
				CODE_SIGN_STYLE = Automatic;
				DEVELOPMENT_TEAM = SAT68F6L25;
				INFOPLIST_FILE = MansarovarUITests/Info.plist;
				LD_RUNPATH_SEARCH_PATHS = (
					"$(inherited)",
					"@executable_path/Frameworks",
					"@loader_path/Frameworks",
				);
				PRODUCT_BUNDLE_IDENTIFIER = com.Saga.DemoMapBox.MansarovarUITests;
				PRODUCT_NAME = "$(TARGET_NAME)";
				SWIFT_VERSION = 5.0;
				TARGETED_DEVICE_FAMILY = "1,2";
				TEST_TARGET_NAME = Mansarovar;
			};
			name = Debug;
		};
		076A89FF292E60A30079B2B2 /* Release */ = {
			isa = XCBuildConfiguration;
			baseConfigurationReference = 8A9A5A6D56CEAB75FF9DCC8F /* Pods-Mansarovar-MansarovarUITests.release.xcconfig */;
			buildSettings = {
				ALWAYS_EMBED_SWIFT_STANDARD_LIBRARIES = YES;
				CODE_SIGN_STYLE = Automatic;
				DEVELOPMENT_TEAM = SAT68F6L25;
				INFOPLIST_FILE = MansarovarUITests/Info.plist;
				LD_RUNPATH_SEARCH_PATHS = (
					"$(inherited)",
					"@executable_path/Frameworks",
					"@loader_path/Frameworks",
				);
				PRODUCT_BUNDLE_IDENTIFIER = com.Saga.DemoMapBox.MansarovarUITests;
				PRODUCT_NAME = "$(TARGET_NAME)";
				SWIFT_VERSION = 5.0;
				TARGETED_DEVICE_FAMILY = "1,2";
				TEST_TARGET_NAME = Mansarovar;
			};
			name = Release;
		};
/* End XCBuildConfiguration section */

/* Begin XCConfigurationList section */
		076A89C8292E60A10079B2B2 /* Build configuration list for PBXProject "Mansarovar" */ = {
			isa = XCConfigurationList;
			buildConfigurations = (
				076A89F5292E60A30079B2B2 /* Debug */,
				076A89F6292E60A30079B2B2 /* Release */,
			);
			defaultConfigurationIsVisible = 0;
			defaultConfigurationName = Release;
		};
		076A89F7292E60A30079B2B2 /* Build configuration list for PBXNativeTarget "Mansarovar" */ = {
			isa = XCConfigurationList;
			buildConfigurations = (
				076A89F8292E60A30079B2B2 /* Debug */,
				076A89F9292E60A30079B2B2 /* Release */,
			);
			defaultConfigurationIsVisible = 0;
			defaultConfigurationName = Release;
		};
		076A89FA292E60A30079B2B2 /* Build configuration list for PBXNativeTarget "MansarovarTests" */ = {
			isa = XCConfigurationList;
			buildConfigurations = (
				076A89FB292E60A30079B2B2 /* Debug */,
				076A89FC292E60A30079B2B2 /* Release */,
			);
			defaultConfigurationIsVisible = 0;
			defaultConfigurationName = Release;
		};
		076A89FD292E60A30079B2B2 /* Build configuration list for PBXNativeTarget "MansarovarUITests" */ = {
			isa = XCConfigurationList;
			buildConfigurations = (
				076A89FE292E60A30079B2B2 /* Debug */,
				076A89FF292E60A30079B2B2 /* Release */,
			);
			defaultConfigurationIsVisible = 0;
			defaultConfigurationName = Release;
		};
/* End XCConfigurationList section */
	};
	rootObject = 076A89C5292E60A10079B2B2 /* Project object */;
}
